// !$*UTF8*$!
{
	archiveVersion = 1;
	classes = {
	};
	objectVersion = 55;
	objects = {

/* Begin PBXBuildFile section */
		6A5C6ADA288C9DED0018A0FF /* AppDelegate.swift in Sources */ = {isa = PBXBuildFile; fileRef = 6A5C6AD9288C9DED0018A0FF /* AppDelegate.swift */; };
		6A5C6ADC288C9DED0018A0FF /* SceneDelegate.swift in Sources */ = {isa = PBXBuildFile; fileRef = 6A5C6ADB288C9DED0018A0FF /* SceneDelegate.swift */; };
		6A5C6ADE288C9DED0018A0FF /* ViewController.swift in Sources */ = {isa = PBXBuildFile; fileRef = 6A5C6ADD288C9DED0018A0FF /* ViewController.swift */; };
		6A5C6AE1288C9DED0018A0FF /* Main.storyboard in Resources */ = {isa = PBXBuildFile; fileRef = 6A5C6ADF288C9DED0018A0FF /* Main.storyboard */; };
		6A5C6AE3288C9DEF0018A0FF /* Assets.xcassets in Resources */ = {isa = PBXBuildFile; fileRef = 6A5C6AE2288C9DEF0018A0FF /* Assets.xcassets */; };
		6A5C6AE6288C9DEF0018A0FF /* LaunchScreen.storyboard in Resources */ = {isa = PBXBuildFile; fileRef = 6A5C6AE4288C9DEF0018A0FF /* LaunchScreen.storyboard */; };
		6A5C6AF0288C9E510018A0FF /* CoreML_Demo.mlmodel in Sources */ = {isa = PBXBuildFile; fileRef = 6A5C6AEF288C9E510018A0FF /* CoreML_Demo.mlmodel */; };
/* End PBXBuildFile section */

/* Begin PBXFileReference section */
		6A5C6AD6288C9DED0018A0FF /* CoreML_Demo_App.app */ = {isa = PBXFileReference; explicitFileType = wrapper.application; includeInIndex = 0; path = CoreML_Demo_App.app; sourceTree = BUILT_PRODUCTS_DIR; };
		6A5C6AD9288C9DED0018A0FF /* AppDelegate.swift */ = {isa = PBXFileReference; lastKnownFileType = sourcecode.swift; path = AppDelegate.swift; sourceTree = "<group>"; };
		6A5C6ADB288C9DED0018A0FF /* SceneDelegate.swift */ = {isa = PBXFileReference; lastKnownFileType = sourcecode.swift; path = SceneDelegate.swift; sourceTree = "<group>"; };
		6A5C6ADD288C9DED0018A0FF /* ViewController.swift */ = {isa = PBXFileReference; lastKnownFileType = sourcecode.swift; path = ViewController.swift; sourceTree = "<group>"; };
		6A5C6AE0288C9DED0018A0FF /* Base */ = {isa = PBXFileReference; lastKnownFileType = file.storyboard; name = Base; path = Base.lproj/Main.storyboard; sourceTree = "<group>"; };
		6A5C6AE2288C9DEF0018A0FF /* Assets.xcassets */ = {isa = PBXFileReference; lastKnownFileType = folder.assetcatalog; path = Assets.xcassets; sourceTree = "<group>"; };
		6A5C6AE5288C9DEF0018A0FF /* Base */ = {isa = PBXFileReference; lastKnownFileType = file.storyboard; name = Base; path = Base.lproj/LaunchScreen.storyboard; sourceTree = "<group>"; };
		6A5C6AE7288C9DEF0018A0FF /* Info.plist */ = {isa = PBXFileReference; lastKnownFileType = text.plist.xml; path = Info.plist; sourceTree = "<group>"; };
		6A5C6AEF288C9E510018A0FF /* CoreML_Demo.mlmodel */ = {isa = PBXFileReference; lastKnownFileType = file.mlmodel; name = CoreML_Demo.mlmodel; path = ../../CoreML_Demo.mlmodel; sourceTree = "<group>"; };
/* End PBXFileReference section */

/* Begin PBXFrameworksBuildPhase section */
		6A5C6AD3288C9DED0018A0FF /* Frameworks */ = {
			isa = PBXFrameworksBuildPhase;
			buildActionMask = 2147483647;
			files = (
			);
			runOnlyForDeploymentPostprocessing = 0;
		};
/* End PBXFrameworksBuildPhase section */

/* Begin PBXGroup section */
		6A5C6ACD288C9DED0018A0FF = {
			isa = PBXGroup;
			children = (
				6A5C6AD8288C9DED0018A0FF /* CoreML_Demo_App */,
				6A5C6AD7288C9DED0018A0FF /* Products */,
			);
			sourceTree = "<group>";
		};
		6A5C6AD7288C9DED0018A0FF /* Products */ = {
			isa = PBXGroup;
			children = (
				6A5C6AD6288C9DED0018A0FF /* CoreML_Demo_App.app */,
			);
			name = Products;
			sourceTree = "<group>";
		};
		6A5C6AD8288C9DED0018A0FF /* CoreML_Demo_App */ = {
			isa = PBXGroup;
			children = (
				6A5C6AD9288C9DED0018A0FF /* AppDelegate.swift */,
				6A5C6ADB288C9DED0018A0FF /* SceneDelegate.swift */,
				6A5C6ADD288C9DED0018A0FF /* ViewController.swift */,
				6A5C6ADF288C9DED0018A0FF /* Main.storyboard */,
				6A5C6AEF288C9E510018A0FF /* CoreML_Demo.mlmodel */,
				6A5C6AE2288C9DEF0018A0FF /* Assets.xcassets */,
				6A5C6AE4288C9DEF0018A0FF /* LaunchScreen.storyboard */,
				6A5C6AE7288C9DEF0018A0FF /* Info.plist */,
			);
			path = CoreML_Demo_App;
			sourceTree = "<group>";
		};
/* End PBXGroup section */

/* Begin PBXNativeTarget section */
		6A5C6AD5288C9DED0018A0FF /* CoreML_Demo_App */ = {
			isa = PBXNativeTarget;
			buildConfigurationList = 6A5C6AEA288C9DEF0018A0FF /* Build configuration list for PBXNativeTarget "CoreML_Demo_App" */;
			buildPhases = (
				6A5C6AD2288C9DED0018A0FF /* Sources */,
				6A5C6AD3288C9DED0018A0FF /* Frameworks */,
				6A5C6AD4288C9DED0018A0FF /* Resources */,
			);
			buildRules = (
			);
			dependencies = (
			);
			name = CoreML_Demo_App;
			productName = CoreML_Demo_App;
			productReference = 6A5C6AD6288C9DED0018A0FF /* CoreML_Demo_App.app */;
			productType = "com.apple.product-type.application";
		};
/* End PBXNativeTarget section */

/* Begin PBXProject section */
		6A5C6ACE288C9DED0018A0FF /* Project object */ = {
			isa = PBXProject;
			attributes = {
				BuildIndependentTargetsInParallel = 1;
				LastSwiftUpdateCheck = 1340;
				LastUpgradeCheck = 1340;
				TargetAttributes = {
					6A5C6AD5288C9DED0018A0FF = {
						CreatedOnToolsVersion = 13.4.1;
					};
				};
			};
			buildConfigurationList = 6A5C6AD1288C9DED0018A0FF /* Build configuration list for PBXProject "CoreML_Demo_App" */;
			compatibilityVersion = "Xcode 13.0";
			developmentRegion = en;
			hasScannedForEncodings = 0;
			knownRegions = (
				en,
				Base,
			);
			mainGroup = 6A5C6ACD288C9DED0018A0FF;
			productRefGroup = 6A5C6AD7288C9DED0018A0FF /* Products */;
			projectDirPath = "";
			projectRoot = "";
			targets = (
				6A5C6AD5288C9DED0018A0FF /* CoreML_Demo_App */,
			);
		};
/* End PBXProject section */

/* Begin PBXResourcesBuildPhase section */
		6A5C6AD4288C9DED0018A0FF /* Resources */ = {
			isa = PBXResourcesBuildPhase;
			buildActionMask = 2147483647;
			files = (
				6A5C6AE6288C9DEF0018A0FF /* LaunchScreen.storyboard in Resources */,
				6A5C6AE3288C9DEF0018A0FF /* Assets.xcassets in Resources */,
				6A5C6AE1288C9DED0018A0FF /* Main.storyboard in Resources */,
			);
			runOnlyForDeploymentPostprocessing = 0;
		};
/* End PBXResourcesBuildPhase section */

/* Begin PBXSourcesBuildPhase section */
		6A5C6AD2288C9DED0018A0FF /* Sources */ = {
			isa = PBXSourcesBuildPhase;
			buildActionMask = 2147483647;
			files = (
				6A5C6ADE288C9DED0018A0FF /* ViewController.swift in Sources */,
				6A5C6AF0288C9E510018A0FF /* CoreML_Demo.mlmodel in Sources */,
				6A5C6ADA288C9DED0018A0FF /* AppDelegate.swift in Sources */,
				6A5C6ADC288C9DED0018A0FF /* SceneDelegate.swift in Sources */,
			);
			runOnlyForDeploymentPostprocessing = 0;
		};
/* End PBXSourcesBuildPhase section */

/* Begin PBXVariantGroup section */
		6A5C6ADF288C9DED0018A0FF /* Main.storyboard */ = {
			isa = PBXVariantGroup;
			children = (
				6A5C6AE0288C9DED0018A0FF /* Base */,
			);
			name = Main.storyboard;
			sourceTree = "<group>";
		};
		6A5C6AE4288C9DEF0018A0FF /* LaunchScreen.storyboard */ = {
			isa = PBXVariantGroup;
			children = (
				6A5C6AE5288C9DEF0018A0FF /* Base */,
			);
			name = LaunchScreen.storyboard;
			sourceTree = "<group>";
		};
/* End PBXVariantGroup section */

/* Begin XCBuildConfiguration section */
		6A5C6AE8288C9DEF0018A0FF /* Debug */ = {
			isa = XCBuildConfiguration;
			buildSettings = {
				ALWAYS_SEARCH_USER_PATHS = NO;
				CLANG_ANALYZER_NONNULL = YES;
				CLANG_ANALYZER_NUMBER_OBJECT_CONVERSION = YES_AGGRESSIVE;
				CLANG_CXX_LANGUAGE_STANDARD = "gnu++17";
				CLANG_ENABLE_MODULES = YES;
				CLANG_ENABLE_OBJC_ARC = YES;
				CLANG_ENABLE_OBJC_WEAK = YES;
				CLANG_WARN_BLOCK_CAPTURE_AUTORELEASING = YES;
				CLANG_WARN_BOOL_CONVERSION = YES;
				CLANG_WARN_COMMA = YES;
				CLANG_WARN_CONSTANT_CONVERSION = YES;
				CLANG_WARN_DEPRECATED_OBJC_IMPLEMENTATIONS = YES;
				CLANG_WARN_DIRECT_OBJC_ISA_USAGE = YES_ERROR;
				CLANG_WARN_DOCUMENTATION_COMMENTS = YES;
				CLANG_WARN_EMPTY_BODY = YES;
				CLANG_WARN_ENUM_CONVERSION = YES;
				CLANG_WARN_INFINITE_RECURSION = YES;
				CLANG_WARN_INT_CONVERSION = YES;
				CLANG_WARN_NON_LITERAL_NULL_CONVERSION = YES;
				CLANG_WARN_OBJC_IMPLICIT_RETAIN_SELF = YES;
				CLANG_WARN_OBJC_LITERAL_CONVERSION = YES;
				CLANG_WARN_OBJC_ROOT_CLASS = YES_ERROR;
				CLANG_WARN_QUOTED_INCLUDE_IN_FRAMEWORK_HEADER = YES;
				CLANG_WARN_RANGE_LOOP_ANALYSIS = YES;
				CLANG_WARN_STRICT_PROTOTYPES = YES;
				CLANG_WARN_SUSPICIOUS_MOVE = YES;
				CLANG_WARN_UNGUARDED_AVAILABILITY = YES_AGGRESSIVE;
				CLANG_WARN_UNREACHABLE_CODE = YES;
				CLANG_WARN__DUPLICATE_METHOD_MATCH = YES;
				COPY_PHASE_STRIP = NO;
				DEBUG_INFORMATION_FORMAT = dwarf;
				ENABLE_STRICT_OBJC_MSGSEND = YES;
				ENABLE_TESTABILITY = YES;
				GCC_C_LANGUAGE_STANDARD = gnu11;
				GCC_DYNAMIC_NO_PIC = NO;
				GCC_NO_COMMON_BLOCKS = YES;
				GCC_OPTIMIZATION_LEVEL = 0;
				GCC_PREPROCESSOR_DEFINITIONS = (
					"DEBUG=1",
					"$(inherited)",
				);
				GCC_WARN_64_TO_32_BIT_CONVERSION = YES;
				GCC_WARN_ABOUT_RETURN_TYPE = YES_ERROR;
				GCC_WARN_UNDECLARED_SELECTOR = YES;
				GCC_WARN_UNINITIALIZED_AUTOS = YES_AGGRESSIVE;
				GCC_WARN_UNUSED_FUNCTION = YES;
				GCC_WARN_UNUSED_VARIABLE = YES;
				IPHONEOS_DEPLOYMENT_TARGET = 15.5;
				MTL_ENABLE_DEBUG_INFO = INCLUDE_SOURCE;
				MTL_FAST_MATH = YES;
				ONLY_ACTIVE_ARCH = YES;
				SDKROOT = iphoneos;
				SWIFT_ACTIVE_COMPILATION_CONDITIONS = DEBUG;
				SWIFT_OPTIMIZATION_LEVEL = "-Onone";
			};
			name = Debug;
		};
		6A5C6AE9288C9DEF0018A0FF /* Release */ = {
			isa = XCBuildConfiguration;
			buildSettings = {
				ALWAYS_SEARCH_USER_PATHS = NO;
				CLANG_ANALYZER_NONNULL = YES;
				CLANG_ANALYZER_NUMBER_OBJECT_CONVERSION = YES_AGGRESSIVE;
				CLANG_CXX_LANGUAGE_STANDARD = "gnu++17";
				CLANG_ENABLE_MODULES = YES;
				CLANG_ENABLE_OBJC_ARC = YES;
				CLANG_ENABLE_OBJC_WEAK = YES;
				CLANG_WARN_BLOCK_CAPTURE_AUTORELEASING = YES;
				CLANG_WARN_BOOL_CONVERSION = YES;
				CLANG_WARN_COMMA = YES;
				CLANG_WARN_CONSTANT_CONVERSION = YES;
				CLANG_WARN_DEPRECATED_OBJC_IMPLEMENTATIONS = YES;
				CLANG_WARN_DIRECT_OBJC_ISA_USAGE = YES_ERROR;
				CLANG_WARN_DOCUMENTATION_COMMENTS = YES;
				CLANG_WARN_EMPTY_BODY = YES;
				CLANG_WARN_ENUM_CONVERSION = YES;
				CLANG_WARN_INFINITE_RECURSION = YES;
				CLANG_WARN_INT_CONVERSION = YES;
				CLANG_WARN_NON_LITERAL_NULL_CONVERSION = YES;
				CLANG_WARN_OBJC_IMPLICIT_RETAIN_SELF = YES;
				CLANG_WARN_OBJC_LITERAL_CONVERSION = YES;
				CLANG_WARN_OBJC_ROOT_CLASS = YES_ERROR;
				CLANG_WARN_QUOTED_INCLUDE_IN_FRAMEWORK_HEADER = YES;
				CLANG_WARN_RANGE_LOOP_ANALYSIS = YES;
				CLANG_WARN_STRICT_PROTOTYPES = YES;
				CLANG_WARN_SUSPICIOUS_MOVE = YES;
				CLANG_WARN_UNGUARDED_AVAILABILITY = YES_AGGRESSIVE;
				CLANG_WARN_UNREACHABLE_CODE = YES;
				CLANG_WARN__DUPLICATE_METHOD_MATCH = YES;
				COPY_PHASE_STRIP = NO;
				DEBUG_INFORMATION_FORMAT = "dwarf-with-dsym";
				ENABLE_NS_ASSERTIONS = NO;
				ENABLE_STRICT_OBJC_MSGSEND = YES;
				GCC_C_LANGUAGE_STANDARD = gnu11;
				GCC_NO_COMMON_BLOCKS = YES;
				GCC_WARN_64_TO_32_BIT_CONVERSION = YES;
				GCC_WARN_ABOUT_RETURN_TYPE = YES_ERROR;
				GCC_WARN_UNDECLARED_SELECTOR = YES;
				GCC_WARN_UNINITIALIZED_AUTOS = YES_AGGRESSIVE;
				GCC_WARN_UNUSED_FUNCTION = YES;
				GCC_WARN_UNUSED_VARIABLE = YES;
				IPHONEOS_DEPLOYMENT_TARGET = 15.5;
				MTL_ENABLE_DEBUG_INFO = NO;
				MTL_FAST_MATH = YES;
				SDKROOT = iphoneos;
				SWIFT_COMPILATION_MODE = wholemodule;
				SWIFT_OPTIMIZATION_LEVEL = "-O";
				VALIDATE_PRODUCT = YES;
			};
			name = Release;
		};
		6A5C6AEB288C9DEF0018A0FF /* Debug */ = {
			isa = XCBuildConfiguration;
			buildSettings = {
				ASSETCATALOG_COMPILER_APPICON_NAME = AppIcon;
				ASSETCATALOG_COMPILER_GLOBAL_ACCENT_COLOR_NAME = AccentColor;
				CODE_SIGN_STYLE = Automatic;
				CURRENT_PROJECT_VERSION = 1;
				DEVELOPMENT_TEAM = 64WAG22Y2J;
				GENERATE_INFOPLIST_FILE = YES;
				INFOPLIST_FILE = CoreML_Demo_App/Info.plist;
				INFOPLIST_KEY_UIApplicationSupportsIndirectInputEvents = YES;
				INFOPLIST_KEY_UILaunchStoryboardName = LaunchScreen;
				INFOPLIST_KEY_UIMainStoryboardFile = Main;
				INFOPLIST_KEY_UISupportedInterfaceOrientations_iPad = "UIInterfaceOrientationPortrait UIInterfaceOrientationPortraitUpsideDown UIInterfaceOrientationLandscapeLeft UIInterfaceOrientationLandscapeRight";
				INFOPLIST_KEY_UISupportedInterfaceOrientations_iPhone = "UIInterfaceOrientationPortrait UIInterfaceOrientationLandscapeLeft UIInterfaceOrientationLandscapeRight";
				LD_RUNPATH_SEARCH_PATHS = (
					"$(inherited)",
					"@executable_path/Frameworks",
				);
				MARKETING_VERSION = 1.0;
				PRODUCT_BUNDLE_IDENTIFIER = "CoreML-Demo-App.CoreML-Demo-App";
				PRODUCT_NAME = "$(TARGET_NAME)";
				SWIFT_EMIT_LOC_STRINGS = YES;
				SWIFT_VERSION = 5.0;
				TARGETED_DEVICE_FAMILY = "1,2";
			};
			name = Debug;
		};
		6A5C6AEC288C9DEF0018A0FF /* Release */ = {
			isa = XCBuildConfiguration;
			buildSettings = {
				ASSETCATALOG_COMPILER_APPICON_NAME = AppIcon;
				ASSETCATALOG_COMPILER_GLOBAL_ACCENT_COLOR_NAME = AccentColor;
				CODE_SIGN_STYLE = Automatic;
				CURRENT_PROJECT_VERSION = 1;
				DEVELOPMENT_TEAM = 64WAG22Y2J;
				GENERATE_INFOPLIST_FILE = YES;
				INFOPLIST_FILE = CoreML_Demo_App/Info.plist;
				INFOPLIST_KEY_UIApplicationSupportsIndirectInputEvents = YES;
				INFOPLIST_KEY_UILaunchStoryboardName = LaunchScreen;
				INFOPLIST_KEY_UIMainStoryboardFile = Main;
				INFOPLIST_KEY_UISupportedInterfaceOrientations_iPad = "UIInterfaceOrientationPortrait UIInterfaceOrientationPortraitUpsideDown UIInterfaceOrientationLandscapeLeft UIInterfaceOrientationLandscapeRight";
				INFOPLIST_KEY_UISupportedInterfaceOrientations_iPhone = "UIInterfaceOrientationPortrait UIInterfaceOrientationLandscapeLeft UIInterfaceOrientationLandscapeRight";
				LD_RUNPATH_SEARCH_PATHS = (
					"$(inherited)",
					"@executable_path/Frameworks",
				);
				MARKETING_VERSION = 1.0;
				PRODUCT_BUNDLE_IDENTIFIER = "CoreML-Demo-App.CoreML-Demo-App";
				PRODUCT_NAME = "$(TARGET_NAME)";
				SWIFT_EMIT_LOC_STRINGS = YES;
				SWIFT_VERSION = 5.0;
				TARGETED_DEVICE_FAMILY = "1,2";
			};
			name = Release;
		};
/* End XCBuildConfiguration section */

/* Begin XCConfigurationList section */
		6A5C6AD1288C9DED0018A0FF /* Build configuration list for PBXProject "CoreML_Demo_App" */ = {
			isa = XCConfigurationList;
			buildConfigurations = (
				6A5C6AE8288C9DEF0018A0FF /* Debug */,
				6A5C6AE9288C9DEF0018A0FF /* Release */,
			);
			defaultConfigurationIsVisible = 0;
			defaultConfigurationName = Release;
		};
		6A5C6AEA288C9DEF0018A0FF /* Build configuration list for PBXNativeTarget "CoreML_Demo_App" */ = {
			isa = XCConfigurationList;
			buildConfigurations = (
				6A5C6AEB288C9DEF0018A0FF /* Debug */,
				6A5C6AEC288C9DEF0018A0FF /* Release */,
			);
			defaultConfigurationIsVisible = 0;
			defaultConfigurationName = Release;
		};
/* End XCConfigurationList section */
	};
	rootObject = 6A5C6ACE288C9DED0018A0FF /* Project object */;
}
