// !$*UTF8*$!
{
	archiveVersion = 1;
	classes = {
	};
	objectVersion = 55;
	objects = {

/* Begin PBXBuildFile section */
		6ADEF10428827930009606AD /* main.swift in Sources */ = {isa = PBXBuildFile; fileRef = 6ADEF10328827930009606AD /* main.swift */; };
		6ADEF10F28827CAE009606AD /* Publisher.swift in Sources */ = {isa = PBXBuildFile; fileRef = 6ADEF10E28827CAE009606AD /* Publisher.swift */; };
		6ADEF11128827CCB009606AD /* Observer.swift in Sources */ = {isa = PBXBuildFile; fileRef = 6ADEF11028827CCB009606AD /* Observer.swift */; };
		6ADEF11328827CFF009606AD /* PUMPcompany.swift in Sources */ = {isa = PBXBuildFile; fileRef = 6ADEF11228827CFF009606AD /* PUMPcompany.swift */; };
		6ADEF11528827D16009606AD /* Users.swift in Sources */ = {isa = PBXBuildFile; fileRef = 6ADEF11428827D16009606AD /* Users.swift */; };
/* End PBXBuildFile section */

/* Begin PBXCopyFilesBuildPhase section */
		6ADEF0FE28827930009606AD /* CopyFiles */ = {
			isa = PBXCopyFilesBuildPhase;
			buildActionMask = 2147483647;
			dstPath = /usr/share/man/man1/;
			dstSubfolderSpec = 0;
			files = (
			);
			runOnlyForDeploymentPostprocessing = 1;
		};
/* End PBXCopyFilesBuildPhase section */

/* Begin PBXFileReference section */
		6ADEF10028827930009606AD /* ObserPatternExample */ = {isa = PBXFileReference; explicitFileType = "compiled.mach-o.executable"; includeInIndex = 0; path = ObserPatternExample; sourceTree = BUILT_PRODUCTS_DIR; };
		6ADEF10328827930009606AD /* main.swift */ = {isa = PBXFileReference; lastKnownFileType = sourcecode.swift; path = main.swift; sourceTree = "<group>"; };
		6ADEF10E28827CAE009606AD /* Publisher.swift */ = {isa = PBXFileReference; lastKnownFileType = sourcecode.swift; path = Publisher.swift; sourceTree = "<group>"; };
		6ADEF11028827CCB009606AD /* Observer.swift */ = {isa = PBXFileReference; lastKnownFileType = sourcecode.swift; path = Observer.swift; sourceTree = "<group>"; };
		6ADEF11228827CFF009606AD /* PUMPcompany.swift */ = {isa = PBXFileReference; lastKnownFileType = sourcecode.swift; path = PUMPcompany.swift; sourceTree = "<group>"; };
		6ADEF11428827D16009606AD /* Users.swift */ = {isa = PBXFileReference; lastKnownFileType = sourcecode.swift; path = Users.swift; sourceTree = "<group>"; };
/* End PBXFileReference section */

/* Begin PBXFrameworksBuildPhase section */
		6ADEF0FD28827930009606AD /* Frameworks */ = {
			isa = PBXFrameworksBuildPhase;
			buildActionMask = 2147483647;
			files = (
			);
			runOnlyForDeploymentPostprocessing = 0;
		};
/* End PBXFrameworksBuildPhase section */

/* Begin PBXGroup section */
		6ADEF0F728827930009606AD = {
			isa = PBXGroup;
			children = (
				6ADEF10228827930009606AD /* ObserPatternExample */,
				6ADEF10128827930009606AD /* Products */,
			);
			sourceTree = "<group>";
		};
		6ADEF10128827930009606AD /* Products */ = {
			isa = PBXGroup;
			children = (
				6ADEF10028827930009606AD /* ObserPatternExample */,
			);
			name = Products;
			sourceTree = "<group>";
		};
		6ADEF10228827930009606AD /* ObserPatternExample */ = {
			isa = PBXGroup;
			children = (
				6ADEF10A28827950009606AD /* Subject(Publisher) */,
				6ADEF10B28827966009606AD /* Observer(Subscriber) */,
				6ADEF10C28827978009606AD /* Concrete Subject(Publisher) */,
				6ADEF10D28827992009606AD /* Concrete Observer(Subscriber) */,
				6ADEF10328827930009606AD /* main.swift */,
			);
			path = ObserPatternExample;
			sourceTree = "<group>";
		};
		6ADEF10A28827950009606AD /* Subject(Publisher) */ = {
			isa = PBXGroup;
			children = (
				6ADEF10E28827CAE009606AD /* Publisher.swift */,
			);
			path = "Subject(Publisher)";
			sourceTree = "<group>";
		};
		6ADEF10B28827966009606AD /* Observer(Subscriber) */ = {
			isa = PBXGroup;
			children = (
				6ADEF11028827CCB009606AD /* Observer.swift */,
			);
			path = "Observer(Subscriber)";
			sourceTree = "<group>";
		};
		6ADEF10C28827978009606AD /* Concrete Subject(Publisher) */ = {
			isa = PBXGroup;
			children = (
				6ADEF11228827CFF009606AD /* PUMPcompany.swift */,
			);
			path = "Concrete Subject(Publisher)";
			sourceTree = "<group>";
		};
		6ADEF10D28827992009606AD /* Concrete Observer(Subscriber) */ = {
			isa = PBXGroup;
			children = (
				6ADEF11428827D16009606AD /* Users.swift */,
			);
			path = "Concrete Observer(Subscriber)";
			sourceTree = "<group>";
		};
/* End PBXGroup section */

/* Begin PBXNativeTarget section */
		6ADEF0FF28827930009606AD /* ObserPatternExample */ = {
			isa = PBXNativeTarget;
			buildConfigurationList = 6ADEF10728827930009606AD /* Build configuration list for PBXNativeTarget "ObserPatternExample" */;
			buildPhases = (
				6ADEF0FC28827930009606AD /* Sources */,
				6ADEF0FD28827930009606AD /* Frameworks */,
				6ADEF0FE28827930009606AD /* CopyFiles */,
			);
			buildRules = (
			);
			dependencies = (
			);
			name = ObserPatternExample;
			productName = ObserPatternExample;
			productReference = 6ADEF10028827930009606AD /* ObserPatternExample */;
			productType = "com.apple.product-type.tool";
		};
/* End PBXNativeTarget section */

/* Begin PBXProject section */
		6ADEF0F828827930009606AD /* Project object */ = {
			isa = PBXProject;
			attributes = {
				BuildIndependentTargetsInParallel = 1;
				LastSwiftUpdateCheck = 1340;
				LastUpgradeCheck = 1340;
				TargetAttributes = {
					6ADEF0FF28827930009606AD = {
						CreatedOnToolsVersion = 13.4.1;
					};
				};
			};
			buildConfigurationList = 6ADEF0FB28827930009606AD /* Build configuration list for PBXProject "ObserPatternExample" */;
			compatibilityVersion = "Xcode 13.0";
			developmentRegion = en;
			hasScannedForEncodings = 0;
			knownRegions = (
				en,
				Base,
			);
			mainGroup = 6ADEF0F728827930009606AD;
			productRefGroup = 6ADEF10128827930009606AD /* Products */;
			projectDirPath = "";
			projectRoot = "";
			targets = (
				6ADEF0FF28827930009606AD /* ObserPatternExample */,
			);
		};
/* End PBXProject section */

/* Begin PBXSourcesBuildPhase section */
		6ADEF0FC28827930009606AD /* Sources */ = {
			isa = PBXSourcesBuildPhase;
			buildActionMask = 2147483647;
			files = (
				6ADEF10F28827CAE009606AD /* Publisher.swift in Sources */,
				6ADEF11328827CFF009606AD /* PUMPcompany.swift in Sources */,
				6ADEF11528827D16009606AD /* Users.swift in Sources */,
				6ADEF11128827CCB009606AD /* Observer.swift in Sources */,
				6ADEF10428827930009606AD /* main.swift in Sources */,
			);
			runOnlyForDeploymentPostprocessing = 0;
		};
/* End PBXSourcesBuildPhase section */

/* Begin XCBuildConfiguration section */
		6ADEF10528827930009606AD /* Debug */ = {
			isa = XCBuildConfiguration;
			buildSettings = {
				ALWAYS_SEARCH_USER_PATHS = NO;
				CLANG_ANALYZER_NONNULL = YES;
				CLANG_ANALYZER_NUMBER_OBJECT_CONVERSION = YES_AGGRESSIVE;
				CLANG_CXX_LANGUAGE_STANDARD = "gnu++17";
				CLANG_ENABLE_MODULES = YES;
				CLANG_ENABLE_OBJC_ARC = YES;
				CLANG_ENABLE_OBJC_WEAK = YES;
				CLANG_WARN_BLOCK_CAPTURE_AUTORELEASING = YES;
				CLANG_WARN_BOOL_CONVERSION = YES;
				CLANG_WARN_COMMA = YES;
				CLANG_WARN_CONSTANT_CONVERSION = YES;
				CLANG_WARN_DEPRECATED_OBJC_IMPLEMENTATIONS = YES;
				CLANG_WARN_DIRECT_OBJC_ISA_USAGE = YES_ERROR;
				CLANG_WARN_DOCUMENTATION_COMMENTS = YES;
				CLANG_WARN_EMPTY_BODY = YES;
				CLANG_WARN_ENUM_CONVERSION = YES;
				CLANG_WARN_INFINITE_RECURSION = YES;
				CLANG_WARN_INT_CONVERSION = YES;
				CLANG_WARN_NON_LITERAL_NULL_CONVERSION = YES;
				CLANG_WARN_OBJC_IMPLICIT_RETAIN_SELF = YES;
				CLANG_WARN_OBJC_LITERAL_CONVERSION = YES;
				CLANG_WARN_OBJC_ROOT_CLASS = YES_ERROR;
				CLANG_WARN_QUOTED_INCLUDE_IN_FRAMEWORK_HEADER = YES;
				CLANG_WARN_RANGE_LOOP_ANALYSIS = YES;
				CLANG_WARN_STRICT_PROTOTYPES = YES;
				CLANG_WARN_SUSPICIOUS_MOVE = YES;
				CLANG_WARN_UNGUARDED_AVAILABILITY = YES_AGGRESSIVE;
				CLANG_WARN_UNREACHABLE_CODE = YES;
				CLANG_WARN__DUPLICATE_METHOD_MATCH = YES;
				COPY_PHASE_STRIP = NO;
				DEBUG_INFORMATION_FORMAT = dwarf;
				ENABLE_STRICT_OBJC_MSGSEND = YES;
				ENABLE_TESTABILITY = YES;
				GCC_C_LANGUAGE_STANDARD = gnu11;
				GCC_DYNAMIC_NO_PIC = NO;
				GCC_NO_COMMON_BLOCKS = YES;
				GCC_OPTIMIZATION_LEVEL = 0;
				GCC_PREPROCESSOR_DEFINITIONS = (
					"DEBUG=1",
					"$(inherited)",
				);
				GCC_WARN_64_TO_32_BIT_CONVERSION = YES;
				GCC_WARN_ABOUT_RETURN_TYPE = YES_ERROR;
				GCC_WARN_UNDECLARED_SELECTOR = YES;
				GCC_WARN_UNINITIALIZED_AUTOS = YES_AGGRESSIVE;
				GCC_WARN_UNUSED_FUNCTION = YES;
				GCC_WARN_UNUSED_VARIABLE = YES;
				MACOSX_DEPLOYMENT_TARGET = 12.3;
				MTL_ENABLE_DEBUG_INFO = INCLUDE_SOURCE;
				MTL_FAST_MATH = YES;
				ONLY_ACTIVE_ARCH = YES;
				SDKROOT = macosx;
				SWIFT_ACTIVE_COMPILATION_CONDITIONS = DEBUG;
				SWIFT_OPTIMIZATION_LEVEL = "-Onone";
			};
			name = Debug;
		};
		6ADEF10628827930009606AD /* Release */ = {
			isa = XCBuildConfiguration;
			buildSettings = {
				ALWAYS_SEARCH_USER_PATHS = NO;
				CLANG_ANALYZER_NONNULL = YES;
				CLANG_ANALYZER_NUMBER_OBJECT_CONVERSION = YES_AGGRESSIVE;
				CLANG_CXX_LANGUAGE_STANDARD = "gnu++17";
				CLANG_ENABLE_MODULES = YES;
				CLANG_ENABLE_OBJC_ARC = YES;
				CLANG_ENABLE_OBJC_WEAK = YES;
				CLANG_WARN_BLOCK_CAPTURE_AUTORELEASING = YES;
				CLANG_WARN_BOOL_CONVERSION = YES;
				CLANG_WARN_COMMA = YES;
				CLANG_WARN_CONSTANT_CONVERSION = YES;
				CLANG_WARN_DEPRECATED_OBJC_IMPLEMENTATIONS = YES;
				CLANG_WARN_DIRECT_OBJC_ISA_USAGE = YES_ERROR;
				CLANG_WARN_DOCUMENTATION_COMMENTS = YES;
				CLANG_WARN_EMPTY_BODY = YES;
				CLANG_WARN_ENUM_CONVERSION = YES;
				CLANG_WARN_INFINITE_RECURSION = YES;
				CLANG_WARN_INT_CONVERSION = YES;
				CLANG_WARN_NON_LITERAL_NULL_CONVERSION = YES;
				CLANG_WARN_OBJC_IMPLICIT_RETAIN_SELF = YES;
				CLANG_WARN_OBJC_LITERAL_CONVERSION = YES;
				CLANG_WARN_OBJC_ROOT_CLASS = YES_ERROR;
				CLANG_WARN_QUOTED_INCLUDE_IN_FRAMEWORK_HEADER = YES;
				CLANG_WARN_RANGE_LOOP_ANALYSIS = YES;
				CLANG_WARN_STRICT_PROTOTYPES = YES;
				CLANG_WARN_SUSPICIOUS_MOVE = YES;
				CLANG_WARN_UNGUARDED_AVAILABILITY = YES_AGGRESSIVE;
				CLANG_WARN_UNREACHABLE_CODE = YES;
				CLANG_WARN__DUPLICATE_METHOD_MATCH = YES;
				COPY_PHASE_STRIP = NO;
				DEBUG_INFORMATION_FORMAT = "dwarf-with-dsym";
				ENABLE_NS_ASSERTIONS = NO;
				ENABLE_STRICT_OBJC_MSGSEND = YES;
				GCC_C_LANGUAGE_STANDARD = gnu11;
				GCC_NO_COMMON_BLOCKS = YES;
				GCC_WARN_64_TO_32_BIT_CONVERSION = YES;
				GCC_WARN_ABOUT_RETURN_TYPE = YES_ERROR;
				GCC_WARN_UNDECLARED_SELECTOR = YES;
				GCC_WARN_UNINITIALIZED_AUTOS = YES_AGGRESSIVE;
				GCC_WARN_UNUSED_FUNCTION = YES;
				GCC_WARN_UNUSED_VARIABLE = YES;
				MACOSX_DEPLOYMENT_TARGET = 12.3;
				MTL_ENABLE_DEBUG_INFO = NO;
				MTL_FAST_MATH = YES;
				SDKROOT = macosx;
				SWIFT_COMPILATION_MODE = wholemodule;
				SWIFT_OPTIMIZATION_LEVEL = "-O";
			};
			name = Release;
		};
		6ADEF10828827930009606AD /* Debug */ = {
			isa = XCBuildConfiguration;
			buildSettings = {
				CODE_SIGN_STYLE = Automatic;
				PRODUCT_NAME = "$(TARGET_NAME)";
				SWIFT_VERSION = 5.0;
			};
			name = Debug;
		};
		6ADEF10928827930009606AD /* Release */ = {
			isa = XCBuildConfiguration;
			buildSettings = {
				CODE_SIGN_STYLE = Automatic;
				PRODUCT_NAME = "$(TARGET_NAME)";
				SWIFT_VERSION = 5.0;
			};
			name = Release;
		};
/* End XCBuildConfiguration section */

/* Begin XCConfigurationList section */
		6ADEF0FB28827930009606AD /* Build configuration list for PBXProject "ObserPatternExample" */ = {
			isa = XCConfigurationList;
			buildConfigurations = (
				6ADEF10528827930009606AD /* Debug */,
				6ADEF10628827930009606AD /* Release */,
			);
			defaultConfigurationIsVisible = 0;
			defaultConfigurationName = Release;
		};
		6ADEF10728827930009606AD /* Build configuration list for PBXNativeTarget "ObserPatternExample" */ = {
			isa = XCConfigurationList;
			buildConfigurations = (
				6ADEF10828827930009606AD /* Debug */,
				6ADEF10928827930009606AD /* Release */,
			);
			defaultConfigurationIsVisible = 0;
			defaultConfigurationName = Release;
		};
/* End XCConfigurationList section */
	};
	rootObject = 6ADEF0F828827930009606AD /* Project object */;
}
