// !$*UTF8*$!
{
	archiveVersion = 1;
	classes = {
	};
	objectVersion = 55;
	objects = {

/* Begin PBXBuildFile section */
		6AA9626728B1BA9D005FE79D /* AppDelegate.swift in Sources */ = {isa = PBXBuildFile; fileRef = 6AA9626628B1BA9D005FE79D /* AppDelegate.swift */; };
		6AA9626928B1BA9D005FE79D /* SceneDelegate.swift in Sources */ = {isa = PBXBuildFile; fileRef = 6AA9626828B1BA9D005FE79D /* SceneDelegate.swift */; };
		6AA9626B28B1BA9D005FE79D /* ViewController.swift in Sources */ = {isa = PBXBuildFile; fileRef = 6AA9626A28B1BA9D005FE79D /* ViewController.swift */; };
		6AA9626E28B1BA9D005FE79D /* Main.storyboard in Resources */ = {isa = PBXBuildFile; fileRef = 6AA9626C28B1BA9D005FE79D /* Main.storyboard */; };
		6AA9627028B1BA9E005FE79D /* Assets.xcassets in Resources */ = {isa = PBXBuildFile; fileRef = 6AA9626F28B1BA9E005FE79D /* Assets.xcassets */; };
		6AA9627328B1BA9E005FE79D /* LaunchScreen.storyboard in Resources */ = {isa = PBXBuildFile; fileRef = 6AA9627128B1BA9E005FE79D /* LaunchScreen.storyboard */; };
		7D1E818C1C18BE8CAAD16878 /* Pods_RxExample_BehaviorSubject.framework in Frameworks */ = {isa = PBXBuildFile; fileRef = B51FCF036BE5ECB8AA684E4A /* Pods_RxExample_BehaviorSubject.framework */; };
/* End PBXBuildFile section */

/* Begin PBXFileReference section */
		6A08C57228B1BB20007A4C4F /* BehaviorSubjectExample.playground */ = {isa = PBXFileReference; lastKnownFileType = file.playground; path = BehaviorSubjectExample.playground; sourceTree = "<group>"; xcLanguageSpecificationIdentifier = xcode.lang.swift; };
		6AA9626328B1BA9D005FE79D /* RxExample_BehaviorSubject.app */ = {isa = PBXFileReference; explicitFileType = wrapper.application; includeInIndex = 0; path = RxExample_BehaviorSubject.app; sourceTree = BUILT_PRODUCTS_DIR; };
		6AA9626628B1BA9D005FE79D /* AppDelegate.swift */ = {isa = PBXFileReference; lastKnownFileType = sourcecode.swift; path = AppDelegate.swift; sourceTree = "<group>"; };
		6AA9626828B1BA9D005FE79D /* SceneDelegate.swift */ = {isa = PBXFileReference; lastKnownFileType = sourcecode.swift; path = SceneDelegate.swift; sourceTree = "<group>"; };
		6AA9626A28B1BA9D005FE79D /* ViewController.swift */ = {isa = PBXFileReference; lastKnownFileType = sourcecode.swift; path = ViewController.swift; sourceTree = "<group>"; };
		6AA9626D28B1BA9D005FE79D /* Base */ = {isa = PBXFileReference; lastKnownFileType = file.storyboard; name = Base; path = Base.lproj/Main.storyboard; sourceTree = "<group>"; };
		6AA9626F28B1BA9E005FE79D /* Assets.xcassets */ = {isa = PBXFileReference; lastKnownFileType = folder.assetcatalog; path = Assets.xcassets; sourceTree = "<group>"; };
		6AA9627228B1BA9E005FE79D /* Base */ = {isa = PBXFileReference; lastKnownFileType = file.storyboard; name = Base; path = Base.lproj/LaunchScreen.storyboard; sourceTree = "<group>"; };
		6AA9627428B1BA9E005FE79D /* Info.plist */ = {isa = PBXFileReference; lastKnownFileType = text.plist.xml; path = Info.plist; sourceTree = "<group>"; };
		78D527E698C1102E5E0A6996 /* Pods-RxExample_BehaviorSubject.debug.xcconfig */ = {isa = PBXFileReference; includeInIndex = 1; lastKnownFileType = text.xcconfig; name = "Pods-RxExample_BehaviorSubject.debug.xcconfig"; path = "Target Support Files/Pods-RxExample_BehaviorSubject/Pods-RxExample_BehaviorSubject.debug.xcconfig"; sourceTree = "<group>"; };
		B51FCF036BE5ECB8AA684E4A /* Pods_RxExample_BehaviorSubject.framework */ = {isa = PBXFileReference; explicitFileType = wrapper.framework; includeInIndex = 0; path = Pods_RxExample_BehaviorSubject.framework; sourceTree = BUILT_PRODUCTS_DIR; };
		FC4E7E19038CA2761F48777D /* Pods-RxExample_BehaviorSubject.release.xcconfig */ = {isa = PBXFileReference; includeInIndex = 1; lastKnownFileType = text.xcconfig; name = "Pods-RxExample_BehaviorSubject.release.xcconfig"; path = "Target Support Files/Pods-RxExample_BehaviorSubject/Pods-RxExample_BehaviorSubject.release.xcconfig"; sourceTree = "<group>"; };
/* End PBXFileReference section */

/* Begin PBXFrameworksBuildPhase section */
		6AA9626028B1BA9D005FE79D /* Frameworks */ = {
			isa = PBXFrameworksBuildPhase;
			buildActionMask = 2147483647;
			files = (
				7D1E818C1C18BE8CAAD16878 /* Pods_RxExample_BehaviorSubject.framework in Frameworks */,
			);
			runOnlyForDeploymentPostprocessing = 0;
		};
/* End PBXFrameworksBuildPhase section */

/* Begin PBXGroup section */
		6AA9625A28B1BA9D005FE79D = {
			isa = PBXGroup;
			children = (
				6AA9626528B1BA9D005FE79D /* RxExample_BehaviorSubject */,
				6AA9626428B1BA9D005FE79D /* Products */,
				BD040A69257D026E3BF02BC8 /* Pods */,
				C9F114803034791BA7049E5B /* Frameworks */,
			);
			sourceTree = "<group>";
		};
		6AA9626428B1BA9D005FE79D /* Products */ = {
			isa = PBXGroup;
			children = (
				6AA9626328B1BA9D005FE79D /* RxExample_BehaviorSubject.app */,
			);
			name = Products;
			sourceTree = "<group>";
		};
		6AA9626528B1BA9D005FE79D /* RxExample_BehaviorSubject */ = {
			isa = PBXGroup;
			children = (
				6AA9626628B1BA9D005FE79D /* AppDelegate.swift */,
				6AA9626828B1BA9D005FE79D /* SceneDelegate.swift */,
				6AA9626A28B1BA9D005FE79D /* ViewController.swift */,
				6AA9626C28B1BA9D005FE79D /* Main.storyboard */,
				6AA9626F28B1BA9E005FE79D /* Assets.xcassets */,
				6AA9627128B1BA9E005FE79D /* LaunchScreen.storyboard */,
				6AA9627428B1BA9E005FE79D /* Info.plist */,
				6A08C57228B1BB20007A4C4F /* BehaviorSubjectExample.playground */,
			);
			path = RxExample_BehaviorSubject;
			sourceTree = "<group>";
		};
		BD040A69257D026E3BF02BC8 /* Pods */ = {
			isa = PBXGroup;
			children = (
				78D527E698C1102E5E0A6996 /* Pods-RxExample_BehaviorSubject.debug.xcconfig */,
				FC4E7E19038CA2761F48777D /* Pods-RxExample_BehaviorSubject.release.xcconfig */,
			);
			path = Pods;
			sourceTree = "<group>";
		};
		C9F114803034791BA7049E5B /* Frameworks */ = {
			isa = PBXGroup;
			children = (
				B51FCF036BE5ECB8AA684E4A /* Pods_RxExample_BehaviorSubject.framework */,
			);
			name = Frameworks;
			sourceTree = "<group>";
		};
/* End PBXGroup section */

/* Begin PBXNativeTarget section */
		6AA9626228B1BA9D005FE79D /* RxExample_BehaviorSubject */ = {
			isa = PBXNativeTarget;
			buildConfigurationList = 6AA9627728B1BA9E005FE79D /* Build configuration list for PBXNativeTarget "RxExample_BehaviorSubject" */;
			buildPhases = (
				73AE580F201E3B9CD4D8A841 /* [CP] Check Pods Manifest.lock */,
				6AA9625F28B1BA9D005FE79D /* Sources */,
				6AA9626028B1BA9D005FE79D /* Frameworks */,
				6AA9626128B1BA9D005FE79D /* Resources */,
				EC4FD3F91418B98CCDDAB03B /* [CP] Embed Pods Frameworks */,
			);
			buildRules = (
			);
			dependencies = (
			);
			name = RxExample_BehaviorSubject;
			productName = RxExample_BehaviorSubject;
			productReference = 6AA9626328B1BA9D005FE79D /* RxExample_BehaviorSubject.app */;
			productType = "com.apple.product-type.application";
		};
/* End PBXNativeTarget section */

/* Begin PBXProject section */
		6AA9625B28B1BA9D005FE79D /* Project object */ = {
			isa = PBXProject;
			attributes = {
				BuildIndependentTargetsInParallel = 1;
				LastSwiftUpdateCheck = 1340;
				LastUpgradeCheck = 1340;
				TargetAttributes = {
					6AA9626228B1BA9D005FE79D = {
						CreatedOnToolsVersion = 13.4.1;
					};
				};
			};
			buildConfigurationList = 6AA9625E28B1BA9D005FE79D /* Build configuration list for PBXProject "RxExample_BehaviorSubject" */;
			compatibilityVersion = "Xcode 13.0";
			developmentRegion = en;
			hasScannedForEncodings = 0;
			knownRegions = (
				en,
				Base,
			);
			mainGroup = 6AA9625A28B1BA9D005FE79D;
			productRefGroup = 6AA9626428B1BA9D005FE79D /* Products */;
			projectDirPath = "";
			projectRoot = "";
			targets = (
				6AA9626228B1BA9D005FE79D /* RxExample_BehaviorSubject */,
			);
		};
/* End PBXProject section */

/* Begin PBXResourcesBuildPhase section */
		6AA9626128B1BA9D005FE79D /* Resources */ = {
			isa = PBXResourcesBuildPhase;
			buildActionMask = 2147483647;
			files = (
				6AA9627328B1BA9E005FE79D /* LaunchScreen.storyboard in Resources */,
				6AA9627028B1BA9E005FE79D /* Assets.xcassets in Resources */,
				6AA9626E28B1BA9D005FE79D /* Main.storyboard in Resources */,
			);
			runOnlyForDeploymentPostprocessing = 0;
		};
/* End PBXResourcesBuildPhase section */

/* Begin PBXShellScriptBuildPhase section */
		73AE580F201E3B9CD4D8A841 /* [CP] Check Pods Manifest.lock */ = {
			isa = PBXShellScriptBuildPhase;
			buildActionMask = 2147483647;
			files = (
			);
			inputFileListPaths = (
			);
			inputPaths = (
				"${PODS_PODFILE_DIR_PATH}/Podfile.lock",
				"${PODS_ROOT}/Manifest.lock",
			);
			name = "[CP] Check Pods Manifest.lock";
			outputFileListPaths = (
			);
			outputPaths = (
				"$(DERIVED_FILE_DIR)/Pods-RxExample_BehaviorSubject-checkManifestLockResult.txt",
			);
			runOnlyForDeploymentPostprocessing = 0;
			shellPath = /bin/sh;
			shellScript = "diff \"${PODS_PODFILE_DIR_PATH}/Podfile.lock\" \"${PODS_ROOT}/Manifest.lock\" > /dev/null\nif [ $? != 0 ] ; then\n    # print error to STDERR\n    echo \"error: The sandbox is not in sync with the Podfile.lock. Run 'pod install' or update your CocoaPods installation.\" >&2\n    exit 1\nfi\n# This output is used by Xcode 'outputs' to avoid re-running this script phase.\necho \"SUCCESS\" > \"${SCRIPT_OUTPUT_FILE_0}\"\n";
			showEnvVarsInLog = 0;
		};
		EC4FD3F91418B98CCDDAB03B /* [CP] Embed Pods Frameworks */ = {
			isa = PBXShellScriptBuildPhase;
			buildActionMask = 2147483647;
			files = (
			);
			inputFileListPaths = (
				"${PODS_ROOT}/Target Support Files/Pods-RxExample_BehaviorSubject/Pods-RxExample_BehaviorSubject-frameworks-${CONFIGURATION}-input-files.xcfilelist",
			);
			name = "[CP] Embed Pods Frameworks";
			outputFileListPaths = (
				"${PODS_ROOT}/Target Support Files/Pods-RxExample_BehaviorSubject/Pods-RxExample_BehaviorSubject-frameworks-${CONFIGURATION}-output-files.xcfilelist",
			);
			runOnlyForDeploymentPostprocessing = 0;
			shellPath = /bin/sh;
			shellScript = "\"${PODS_ROOT}/Target Support Files/Pods-RxExample_BehaviorSubject/Pods-RxExample_BehaviorSubject-frameworks.sh\"\n";
			showEnvVarsInLog = 0;
		};
/* End PBXShellScriptBuildPhase section */

/* Begin PBXSourcesBuildPhase section */
		6AA9625F28B1BA9D005FE79D /* Sources */ = {
			isa = PBXSourcesBuildPhase;
			buildActionMask = 2147483647;
			files = (
				6AA9626B28B1BA9D005FE79D /* ViewController.swift in Sources */,
				6AA9626728B1BA9D005FE79D /* AppDelegate.swift in Sources */,
				6AA9626928B1BA9D005FE79D /* SceneDelegate.swift in Sources */,
			);
			runOnlyForDeploymentPostprocessing = 0;
		};
/* End PBXSourcesBuildPhase section */

/* Begin PBXVariantGroup section */
		6AA9626C28B1BA9D005FE79D /* Main.storyboard */ = {
			isa = PBXVariantGroup;
			children = (
				6AA9626D28B1BA9D005FE79D /* Base */,
			);
			name = Main.storyboard;
			sourceTree = "<group>";
		};
		6AA9627128B1BA9E005FE79D /* LaunchScreen.storyboard */ = {
			isa = PBXVariantGroup;
			children = (
				6AA9627228B1BA9E005FE79D /* Base */,
			);
			name = LaunchScreen.storyboard;
			sourceTree = "<group>";
		};
/* End PBXVariantGroup section */

/* Begin XCBuildConfiguration section */
		6AA9627528B1BA9E005FE79D /* Debug */ = {
			isa = XCBuildConfiguration;
			buildSettings = {
				ALWAYS_SEARCH_USER_PATHS = NO;
				CLANG_ANALYZER_NONNULL = YES;
				CLANG_ANALYZER_NUMBER_OBJECT_CONVERSION = YES_AGGRESSIVE;
				CLANG_CXX_LANGUAGE_STANDARD = "gnu++17";
				CLANG_ENABLE_MODULES = YES;
				CLANG_ENABLE_OBJC_ARC = YES;
				CLANG_ENABLE_OBJC_WEAK = YES;
				CLANG_WARN_BLOCK_CAPTURE_AUTORELEASING = YES;
				CLANG_WARN_BOOL_CONVERSION = YES;
				CLANG_WARN_COMMA = YES;
				CLANG_WARN_CONSTANT_CONVERSION = YES;
				CLANG_WARN_DEPRECATED_OBJC_IMPLEMENTATIONS = YES;
				CLANG_WARN_DIRECT_OBJC_ISA_USAGE = YES_ERROR;
				CLANG_WARN_DOCUMENTATION_COMMENTS = YES;
				CLANG_WARN_EMPTY_BODY = YES;
				CLANG_WARN_ENUM_CONVERSION = YES;
				CLANG_WARN_INFINITE_RECURSION = YES;
				CLANG_WARN_INT_CONVERSION = YES;
				CLANG_WARN_NON_LITERAL_NULL_CONVERSION = YES;
				CLANG_WARN_OBJC_IMPLICIT_RETAIN_SELF = YES;
				CLANG_WARN_OBJC_LITERAL_CONVERSION = YES;
				CLANG_WARN_OBJC_ROOT_CLASS = YES_ERROR;
				CLANG_WARN_QUOTED_INCLUDE_IN_FRAMEWORK_HEADER = YES;
				CLANG_WARN_RANGE_LOOP_ANALYSIS = YES;
				CLANG_WARN_STRICT_PROTOTYPES = YES;
				CLANG_WARN_SUSPICIOUS_MOVE = YES;
				CLANG_WARN_UNGUARDED_AVAILABILITY = YES_AGGRESSIVE;
				CLANG_WARN_UNREACHABLE_CODE = YES;
				CLANG_WARN__DUPLICATE_METHOD_MATCH = YES;
				COPY_PHASE_STRIP = NO;
				DEBUG_INFORMATION_FORMAT = dwarf;
				ENABLE_STRICT_OBJC_MSGSEND = YES;
				ENABLE_TESTABILITY = YES;
				GCC_C_LANGUAGE_STANDARD = gnu11;
				GCC_DYNAMIC_NO_PIC = NO;
				GCC_NO_COMMON_BLOCKS = YES;
				GCC_OPTIMIZATION_LEVEL = 0;
				GCC_PREPROCESSOR_DEFINITIONS = (
					"DEBUG=1",
					"$(inherited)",
				);
				GCC_WARN_64_TO_32_BIT_CONVERSION = YES;
				GCC_WARN_ABOUT_RETURN_TYPE = YES_ERROR;
				GCC_WARN_UNDECLARED_SELECTOR = YES;
				GCC_WARN_UNINITIALIZED_AUTOS = YES_AGGRESSIVE;
				GCC_WARN_UNUSED_FUNCTION = YES;
				GCC_WARN_UNUSED_VARIABLE = YES;
				IPHONEOS_DEPLOYMENT_TARGET = 15.5;
				MTL_ENABLE_DEBUG_INFO = INCLUDE_SOURCE;
				MTL_FAST_MATH = YES;
				ONLY_ACTIVE_ARCH = YES;
				SDKROOT = iphoneos;
				SWIFT_ACTIVE_COMPILATION_CONDITIONS = DEBUG;
				SWIFT_OPTIMIZATION_LEVEL = "-Onone";
			};
			name = Debug;
		};
		6AA9627628B1BA9E005FE79D /* Release */ = {
			isa = XCBuildConfiguration;
			buildSettings = {
				ALWAYS_SEARCH_USER_PATHS = NO;
				CLANG_ANALYZER_NONNULL = YES;
				CLANG_ANALYZER_NUMBER_OBJECT_CONVERSION = YES_AGGRESSIVE;
				CLANG_CXX_LANGUAGE_STANDARD = "gnu++17";
				CLANG_ENABLE_MODULES = YES;
				CLANG_ENABLE_OBJC_ARC = YES;
				CLANG_ENABLE_OBJC_WEAK = YES;
				CLANG_WARN_BLOCK_CAPTURE_AUTORELEASING = YES;
				CLANG_WARN_BOOL_CONVERSION = YES;
				CLANG_WARN_COMMA = YES;
				CLANG_WARN_CONSTANT_CONVERSION = YES;
				CLANG_WARN_DEPRECATED_OBJC_IMPLEMENTATIONS = YES;
				CLANG_WARN_DIRECT_OBJC_ISA_USAGE = YES_ERROR;
				CLANG_WARN_DOCUMENTATION_COMMENTS = YES;
				CLANG_WARN_EMPTY_BODY = YES;
				CLANG_WARN_ENUM_CONVERSION = YES;
				CLANG_WARN_INFINITE_RECURSION = YES;
				CLANG_WARN_INT_CONVERSION = YES;
				CLANG_WARN_NON_LITERAL_NULL_CONVERSION = YES;
				CLANG_WARN_OBJC_IMPLICIT_RETAIN_SELF = YES;
				CLANG_WARN_OBJC_LITERAL_CONVERSION = YES;
				CLANG_WARN_OBJC_ROOT_CLASS = YES_ERROR;
				CLANG_WARN_QUOTED_INCLUDE_IN_FRAMEWORK_HEADER = YES;
				CLANG_WARN_RANGE_LOOP_ANALYSIS = YES;
				CLANG_WARN_STRICT_PROTOTYPES = YES;
				CLANG_WARN_SUSPICIOUS_MOVE = YES;
				CLANG_WARN_UNGUARDED_AVAILABILITY = YES_AGGRESSIVE;
				CLANG_WARN_UNREACHABLE_CODE = YES;
				CLANG_WARN__DUPLICATE_METHOD_MATCH = YES;
				COPY_PHASE_STRIP = NO;
				DEBUG_INFORMATION_FORMAT = "dwarf-with-dsym";
				ENABLE_NS_ASSERTIONS = NO;
				ENABLE_STRICT_OBJC_MSGSEND = YES;
				GCC_C_LANGUAGE_STANDARD = gnu11;
				GCC_NO_COMMON_BLOCKS = YES;
				GCC_WARN_64_TO_32_BIT_CONVERSION = YES;
				GCC_WARN_ABOUT_RETURN_TYPE = YES_ERROR;
				GCC_WARN_UNDECLARED_SELECTOR = YES;
				GCC_WARN_UNINITIALIZED_AUTOS = YES_AGGRESSIVE;
				GCC_WARN_UNUSED_FUNCTION = YES;
				GCC_WARN_UNUSED_VARIABLE = YES;
				IPHONEOS_DEPLOYMENT_TARGET = 15.5;
				MTL_ENABLE_DEBUG_INFO = NO;
				MTL_FAST_MATH = YES;
				SDKROOT = iphoneos;
				SWIFT_COMPILATION_MODE = wholemodule;
				SWIFT_OPTIMIZATION_LEVEL = "-O";
				VALIDATE_PRODUCT = YES;
			};
			name = Release;
		};
		6AA9627828B1BA9E005FE79D /* Debug */ = {
			isa = XCBuildConfiguration;
			baseConfigurationReference = 78D527E698C1102E5E0A6996 /* Pods-RxExample_BehaviorSubject.debug.xcconfig */;
			buildSettings = {
				ASSETCATALOG_COMPILER_APPICON_NAME = AppIcon;
				ASSETCATALOG_COMPILER_GLOBAL_ACCENT_COLOR_NAME = AccentColor;
				CODE_SIGN_STYLE = Automatic;
				CURRENT_PROJECT_VERSION = 1;
				DEVELOPMENT_TEAM = 64WAG22Y2J;
				GENERATE_INFOPLIST_FILE = YES;
				INFOPLIST_FILE = RxExample_BehaviorSubject/Info.plist;
				INFOPLIST_KEY_UIApplicationSupportsIndirectInputEvents = YES;
				INFOPLIST_KEY_UILaunchStoryboardName = LaunchScreen;
				INFOPLIST_KEY_UIMainStoryboardFile = Main;
				INFOPLIST_KEY_UISupportedInterfaceOrientations_iPad = "UIInterfaceOrientationPortrait UIInterfaceOrientationPortraitUpsideDown UIInterfaceOrientationLandscapeLeft UIInterfaceOrientationLandscapeRight";
				INFOPLIST_KEY_UISupportedInterfaceOrientations_iPhone = "UIInterfaceOrientationPortrait UIInterfaceOrientationLandscapeLeft UIInterfaceOrientationLandscapeRight";
				LD_RUNPATH_SEARCH_PATHS = (
					"$(inherited)",
					"@executable_path/Frameworks",
				);
				MARKETING_VERSION = 1.0;
				PRODUCT_BUNDLE_IDENTIFIER = "mskang.RxExample-BehaviorSubject";
				PRODUCT_NAME = "$(TARGET_NAME)";
				SWIFT_EMIT_LOC_STRINGS = YES;
				SWIFT_VERSION = 5.0;
				TARGETED_DEVICE_FAMILY = "1,2";
			};
			name = Debug;
		};
		6AA9627928B1BA9E005FE79D /* Release */ = {
			isa = XCBuildConfiguration;
			baseConfigurationReference = FC4E7E19038CA2761F48777D /* Pods-RxExample_BehaviorSubject.release.xcconfig */;
			buildSettings = {
				ASSETCATALOG_COMPILER_APPICON_NAME = AppIcon;
				ASSETCATALOG_COMPILER_GLOBAL_ACCENT_COLOR_NAME = AccentColor;
				CODE_SIGN_STYLE = Automatic;
				CURRENT_PROJECT_VERSION = 1;
				DEVELOPMENT_TEAM = 64WAG22Y2J;
				GENERATE_INFOPLIST_FILE = YES;
				INFOPLIST_FILE = RxExample_BehaviorSubject/Info.plist;
				INFOPLIST_KEY_UIApplicationSupportsIndirectInputEvents = YES;
				INFOPLIST_KEY_UILaunchStoryboardName = LaunchScreen;
				INFOPLIST_KEY_UIMainStoryboardFile = Main;
				INFOPLIST_KEY_UISupportedInterfaceOrientations_iPad = "UIInterfaceOrientationPortrait UIInterfaceOrientationPortraitUpsideDown UIInterfaceOrientationLandscapeLeft UIInterfaceOrientationLandscapeRight";
				INFOPLIST_KEY_UISupportedInterfaceOrientations_iPhone = "UIInterfaceOrientationPortrait UIInterfaceOrientationLandscapeLeft UIInterfaceOrientationLandscapeRight";
				LD_RUNPATH_SEARCH_PATHS = (
					"$(inherited)",
					"@executable_path/Frameworks",
				);
				MARKETING_VERSION = 1.0;
				PRODUCT_BUNDLE_IDENTIFIER = "mskang.RxExample-BehaviorSubject";
				PRODUCT_NAME = "$(TARGET_NAME)";
				SWIFT_EMIT_LOC_STRINGS = YES;
				SWIFT_VERSION = 5.0;
				TARGETED_DEVICE_FAMILY = "1,2";
			};
			name = Release;
		};
/* End XCBuildConfiguration section */

/* Begin XCConfigurationList section */
		6AA9625E28B1BA9D005FE79D /* Build configuration list for PBXProject "RxExample_BehaviorSubject" */ = {
			isa = XCConfigurationList;
			buildConfigurations = (
				6AA9627528B1BA9E005FE79D /* Debug */,
				6AA9627628B1BA9E005FE79D /* Release */,
			);
			defaultConfigurationIsVisible = 0;
			defaultConfigurationName = Release;
		};
		6AA9627728B1BA9E005FE79D /* Build configuration list for PBXNativeTarget "RxExample_BehaviorSubject" */ = {
			isa = XCConfigurationList;
			buildConfigurations = (
				6AA9627828B1BA9E005FE79D /* Debug */,
				6AA9627928B1BA9E005FE79D /* Release */,
			);
			defaultConfigurationIsVisible = 0;
			defaultConfigurationName = Release;
		};
/* End XCConfigurationList section */
	};
	rootObject = 6AA9625B28B1BA9D005FE79D /* Project object */;
}
