// !$*UTF8*$!
{
	archiveVersion = 1;
	classes = {
	};
	objectVersion = 56;
	objects = {

/* Begin PBXBuildFile section */
		BA459B0F28F8C1C30049EE08 /* AppDelegate.swift in Sources */ = {isa = PBXBuildFile; fileRef = BA459B0E28F8C1C30049EE08 /* AppDelegate.swift */; };
		BA459B1128F8C1C30049EE08 /* SceneDelegate.swift in Sources */ = {isa = PBXBuildFile; fileRef = BA459B1028F8C1C30049EE08 /* SceneDelegate.swift */; };
		BA459B1328F8C1C30049EE08 /* ViewController.swift in Sources */ = {isa = PBXBuildFile; fileRef = BA459B1228F8C1C30049EE08 /* ViewController.swift */; };
		BA459B1628F8C1C30049EE08 /* Main.storyboard in Resources */ = {isa = PBXBuildFile; fileRef = BA459B1428F8C1C30049EE08 /* Main.storyboard */; };
		BA459B1828F8C1C40049EE08 /* Assets.xcassets in Resources */ = {isa = PBXBuildFile; fileRef = BA459B1728F8C1C40049EE08 /* Assets.xcassets */; };
		BA459B1B28F8C1C40049EE08 /* LaunchScreen.storyboard in Resources */ = {isa = PBXBuildFile; fileRef = BA459B1928F8C1C40049EE08 /* LaunchScreen.storyboard */; };
		BA459B2628F8C1C40049EE08 /* MVVM_exampleTests.swift in Sources */ = {isa = PBXBuildFile; fileRef = BA459B2528F8C1C40049EE08 /* MVVM_exampleTests.swift */; };
		BA459B3028F8C1C40049EE08 /* MVVM_exampleUITests.swift in Sources */ = {isa = PBXBuildFile; fileRef = BA459B2F28F8C1C40049EE08 /* MVVM_exampleUITests.swift */; };
		BA459B3228F8C1C40049EE08 /* MVVM_exampleUITestsLaunchTests.swift in Sources */ = {isa = PBXBuildFile; fileRef = BA459B3128F8C1C40049EE08 /* MVVM_exampleUITestsLaunchTests.swift */; };
		BA459B4028F8C1DE0049EE08 /* Entity.swift in Sources */ = {isa = PBXBuildFile; fileRef = BA459B3F28F8C1DE0049EE08 /* Entity.swift */; };
		BA459B4228F8C2110049EE08 /* Repository.swift in Sources */ = {isa = PBXBuildFile; fileRef = BA459B4128F8C2110049EE08 /* Repository.swift */; };
		BA459B4428F8C2880049EE08 /* Model.swift in Sources */ = {isa = PBXBuildFile; fileRef = BA459B4328F8C2880049EE08 /* Model.swift */; };
		BA459B4628F8C2C10049EE08 /* Service.swift in Sources */ = {isa = PBXBuildFile; fileRef = BA459B4528F8C2C10049EE08 /* Service.swift */; };
		BA459B4828F8C4120049EE08 /* ViewModel.swift in Sources */ = {isa = PBXBuildFile; fileRef = BA459B4728F8C4120049EE08 /* ViewModel.swift */; };
/* End PBXBuildFile section */

/* Begin PBXContainerItemProxy section */
		BA459B2228F8C1C40049EE08 /* PBXContainerItemProxy */ = {
			isa = PBXContainerItemProxy;
			containerPortal = BA459B0328F8C1C30049EE08 /* Project object */;
			proxyType = 1;
			remoteGlobalIDString = BA459B0A28F8C1C30049EE08;
			remoteInfo = "MVVM-example";
		};
		BA459B2C28F8C1C40049EE08 /* PBXContainerItemProxy */ = {
			isa = PBXContainerItemProxy;
			containerPortal = BA459B0328F8C1C30049EE08 /* Project object */;
			proxyType = 1;
			remoteGlobalIDString = BA459B0A28F8C1C30049EE08;
			remoteInfo = "MVVM-example";
		};
/* End PBXContainerItemProxy section */

/* Begin PBXFileReference section */
		BA459B0B28F8C1C30049EE08 /* MVVM-example.app */ = {isa = PBXFileReference; explicitFileType = wrapper.application; includeInIndex = 0; path = "MVVM-example.app"; sourceTree = BUILT_PRODUCTS_DIR; };
		BA459B0E28F8C1C30049EE08 /* AppDelegate.swift */ = {isa = PBXFileReference; lastKnownFileType = sourcecode.swift; path = AppDelegate.swift; sourceTree = "<group>"; };
		BA459B1028F8C1C30049EE08 /* SceneDelegate.swift */ = {isa = PBXFileReference; lastKnownFileType = sourcecode.swift; path = SceneDelegate.swift; sourceTree = "<group>"; };
		BA459B1228F8C1C30049EE08 /* ViewController.swift */ = {isa = PBXFileReference; lastKnownFileType = sourcecode.swift; path = ViewController.swift; sourceTree = "<group>"; };
		BA459B1528F8C1C30049EE08 /* Base */ = {isa = PBXFileReference; lastKnownFileType = file.storyboard; name = Base; path = Base.lproj/Main.storyboard; sourceTree = "<group>"; };
		BA459B1728F8C1C40049EE08 /* Assets.xcassets */ = {isa = PBXFileReference; lastKnownFileType = folder.assetcatalog; path = Assets.xcassets; sourceTree = "<group>"; };
		BA459B1A28F8C1C40049EE08 /* Base */ = {isa = PBXFileReference; lastKnownFileType = file.storyboard; name = Base; path = Base.lproj/LaunchScreen.storyboard; sourceTree = "<group>"; };
		BA459B1C28F8C1C40049EE08 /* Info.plist */ = {isa = PBXFileReference; lastKnownFileType = text.plist.xml; path = Info.plist; sourceTree = "<group>"; };
		BA459B2128F8C1C40049EE08 /* MVVM-exampleTests.xctest */ = {isa = PBXFileReference; explicitFileType = wrapper.cfbundle; includeInIndex = 0; path = "MVVM-exampleTests.xctest"; sourceTree = BUILT_PRODUCTS_DIR; };
		BA459B2528F8C1C40049EE08 /* MVVM_exampleTests.swift */ = {isa = PBXFileReference; lastKnownFileType = sourcecode.swift; path = MVVM_exampleTests.swift; sourceTree = "<group>"; };
		BA459B2B28F8C1C40049EE08 /* MVVM-exampleUITests.xctest */ = {isa = PBXFileReference; explicitFileType = wrapper.cfbundle; includeInIndex = 0; path = "MVVM-exampleUITests.xctest"; sourceTree = BUILT_PRODUCTS_DIR; };
		BA459B2F28F8C1C40049EE08 /* MVVM_exampleUITests.swift */ = {isa = PBXFileReference; lastKnownFileType = sourcecode.swift; path = MVVM_exampleUITests.swift; sourceTree = "<group>"; };
		BA459B3128F8C1C40049EE08 /* MVVM_exampleUITestsLaunchTests.swift */ = {isa = PBXFileReference; lastKnownFileType = sourcecode.swift; path = MVVM_exampleUITestsLaunchTests.swift; sourceTree = "<group>"; };
		BA459B3F28F8C1DE0049EE08 /* Entity.swift */ = {isa = PBXFileReference; lastKnownFileType = sourcecode.swift; path = Entity.swift; sourceTree = "<group>"; };
		BA459B4128F8C2110049EE08 /* Repository.swift */ = {isa = PBXFileReference; lastKnownFileType = sourcecode.swift; path = Repository.swift; sourceTree = "<group>"; };
		BA459B4328F8C2880049EE08 /* Model.swift */ = {isa = PBXFileReference; lastKnownFileType = sourcecode.swift; path = Model.swift; sourceTree = "<group>"; };
		BA459B4528F8C2C10049EE08 /* Service.swift */ = {isa = PBXFileReference; lastKnownFileType = sourcecode.swift; path = Service.swift; sourceTree = "<group>"; };
		BA459B4728F8C4120049EE08 /* ViewModel.swift */ = {isa = PBXFileReference; lastKnownFileType = sourcecode.swift; path = ViewModel.swift; sourceTree = "<group>"; };
/* End PBXFileReference section */

/* Begin PBXFrameworksBuildPhase section */
		BA459B0828F8C1C30049EE08 /* Frameworks */ = {
			isa = PBXFrameworksBuildPhase;
			buildActionMask = 2147483647;
			files = (
			);
			runOnlyForDeploymentPostprocessing = 0;
		};
		BA459B1E28F8C1C40049EE08 /* Frameworks */ = {
			isa = PBXFrameworksBuildPhase;
			buildActionMask = 2147483647;
			files = (
			);
			runOnlyForDeploymentPostprocessing = 0;
		};
		BA459B2828F8C1C40049EE08 /* Frameworks */ = {
			isa = PBXFrameworksBuildPhase;
			buildActionMask = 2147483647;
			files = (
			);
			runOnlyForDeploymentPostprocessing = 0;
		};
/* End PBXFrameworksBuildPhase section */

/* Begin PBXGroup section */
		BA459B0228F8C1C30049EE08 = {
			isa = PBXGroup;
			children = (
				BA459B0D28F8C1C30049EE08 /* MVVM-example */,
				BA459B2428F8C1C40049EE08 /* MVVM-exampleTests */,
				BA459B2E28F8C1C40049EE08 /* MVVM-exampleUITests */,
				BA459B0C28F8C1C30049EE08 /* Products */,
			);
			sourceTree = "<group>";
		};
		BA459B0C28F8C1C30049EE08 /* Products */ = {
			isa = PBXGroup;
			children = (
				BA459B0B28F8C1C30049EE08 /* MVVM-example.app */,
				BA459B2128F8C1C40049EE08 /* MVVM-exampleTests.xctest */,
				BA459B2B28F8C1C40049EE08 /* MVVM-exampleUITests.xctest */,
			);
			name = Products;
			sourceTree = "<group>";
		};
		BA459B0D28F8C1C30049EE08 /* MVVM-example */ = {
			isa = PBXGroup;
			children = (
				BA459B3E28F8C1D20049EE08 /* View */,
				BA459B0E28F8C1C30049EE08 /* AppDelegate.swift */,
				BA459B1028F8C1C30049EE08 /* SceneDelegate.swift */,
				BA459B1428F8C1C30049EE08 /* Main.storyboard */,
				BA459B1728F8C1C40049EE08 /* Assets.xcassets */,
				BA459B1928F8C1C40049EE08 /* LaunchScreen.storyboard */,
				BA459B1C28F8C1C40049EE08 /* Info.plist */,
			);
			path = "MVVM-example";
			sourceTree = "<group>";
		};
		BA459B2428F8C1C40049EE08 /* MVVM-exampleTests */ = {
			isa = PBXGroup;
			children = (
				BA459B2528F8C1C40049EE08 /* MVVM_exampleTests.swift */,
			);
			path = "MVVM-exampleTests";
			sourceTree = "<group>";
		};
		BA459B2E28F8C1C40049EE08 /* MVVM-exampleUITests */ = {
			isa = PBXGroup;
			children = (
				BA459B2F28F8C1C40049EE08 /* MVVM_exampleUITests.swift */,
				BA459B3128F8C1C40049EE08 /* MVVM_exampleUITestsLaunchTests.swift */,
			);
			path = "MVVM-exampleUITests";
			sourceTree = "<group>";
		};
		BA459B3E28F8C1D20049EE08 /* View */ = {
			isa = PBXGroup;
			children = (
				BA459B1228F8C1C30049EE08 /* ViewController.swift */,
				BA459B4728F8C4120049EE08 /* ViewModel.swift */,
				BA459B4528F8C2C10049EE08 /* Service.swift */,
				BA459B4328F8C2880049EE08 /* Model.swift */,
				BA459B4128F8C2110049EE08 /* Repository.swift */,
				BA459B3F28F8C1DE0049EE08 /* Entity.swift */,
			);
			path = View;
			sourceTree = "<group>";
		};
/* End PBXGroup section */

/* Begin PBXNativeTarget section */
		BA459B0A28F8C1C30049EE08 /* MVVM-example */ = {
			isa = PBXNativeTarget;
			buildConfigurationList = BA459B3528F8C1C40049EE08 /* Build configuration list for PBXNativeTarget "MVVM-example" */;
			buildPhases = (
				BA459B0728F8C1C30049EE08 /* Sources */,
				BA459B0828F8C1C30049EE08 /* Frameworks */,
				BA459B0928F8C1C30049EE08 /* Resources */,
			);
			buildRules = (
			);
			dependencies = (
			);
			name = "MVVM-example";
			productName = "MVVM-example";
			productReference = BA459B0B28F8C1C30049EE08 /* MVVM-example.app */;
			productType = "com.apple.product-type.application";
		};
		BA459B2028F8C1C40049EE08 /* MVVM-exampleTests */ = {
			isa = PBXNativeTarget;
			buildConfigurationList = BA459B3828F8C1C40049EE08 /* Build configuration list for PBXNativeTarget "MVVM-exampleTests" */;
			buildPhases = (
				BA459B1D28F8C1C40049EE08 /* Sources */,
				BA459B1E28F8C1C40049EE08 /* Frameworks */,
				BA459B1F28F8C1C40049EE08 /* Resources */,
			);
			buildRules = (
			);
			dependencies = (
				BA459B2328F8C1C40049EE08 /* PBXTargetDependency */,
			);
			name = "MVVM-exampleTests";
			productName = "MVVM-exampleTests";
			productReference = BA459B2128F8C1C40049EE08 /* MVVM-exampleTests.xctest */;
			productType = "com.apple.product-type.bundle.unit-test";
		};
		BA459B2A28F8C1C40049EE08 /* MVVM-exampleUITests */ = {
			isa = PBXNativeTarget;
			buildConfigurationList = BA459B3B28F8C1C40049EE08 /* Build configuration list for PBXNativeTarget "MVVM-exampleUITests" */;
			buildPhases = (
				BA459B2728F8C1C40049EE08 /* Sources */,
				BA459B2828F8C1C40049EE08 /* Frameworks */,
				BA459B2928F8C1C40049EE08 /* Resources */,
			);
			buildRules = (
			);
			dependencies = (
				BA459B2D28F8C1C40049EE08 /* PBXTargetDependency */,
			);
			name = "MVVM-exampleUITests";
			productName = "MVVM-exampleUITests";
			productReference = BA459B2B28F8C1C40049EE08 /* MVVM-exampleUITests.xctest */;
			productType = "com.apple.product-type.bundle.ui-testing";
		};
/* End PBXNativeTarget section */

/* Begin PBXProject section */
		BA459B0328F8C1C30049EE08 /* Project object */ = {
			isa = PBXProject;
			attributes = {
				BuildIndependentTargetsInParallel = 1;
				LastSwiftUpdateCheck = 1400;
				LastUpgradeCheck = 1400;
				TargetAttributes = {
					BA459B0A28F8C1C30049EE08 = {
						CreatedOnToolsVersion = 14.0.1;
					};
					BA459B2028F8C1C40049EE08 = {
						CreatedOnToolsVersion = 14.0.1;
						TestTargetID = BA459B0A28F8C1C30049EE08;
					};
					BA459B2A28F8C1C40049EE08 = {
						CreatedOnToolsVersion = 14.0.1;
						TestTargetID = BA459B0A28F8C1C30049EE08;
					};
				};
			};
			buildConfigurationList = BA459B0628F8C1C30049EE08 /* Build configuration list for PBXProject "MVVM-example" */;
			compatibilityVersion = "Xcode 14.0";
			developmentRegion = en;
			hasScannedForEncodings = 0;
			knownRegions = (
				en,
				Base,
			);
			mainGroup = BA459B0228F8C1C30049EE08;
			productRefGroup = BA459B0C28F8C1C30049EE08 /* Products */;
			projectDirPath = "";
			projectRoot = "";
			targets = (
				BA459B0A28F8C1C30049EE08 /* MVVM-example */,
				BA459B2028F8C1C40049EE08 /* MVVM-exampleTests */,
				BA459B2A28F8C1C40049EE08 /* MVVM-exampleUITests */,
			);
		};
/* End PBXProject section */

/* Begin PBXResourcesBuildPhase section */
		BA459B0928F8C1C30049EE08 /* Resources */ = {
			isa = PBXResourcesBuildPhase;
			buildActionMask = 2147483647;
			files = (
				BA459B1B28F8C1C40049EE08 /* LaunchScreen.storyboard in Resources */,
				BA459B1828F8C1C40049EE08 /* Assets.xcassets in Resources */,
				BA459B1628F8C1C30049EE08 /* Main.storyboard in Resources */,
			);
			runOnlyForDeploymentPostprocessing = 0;
		};
		BA459B1F28F8C1C40049EE08 /* Resources */ = {
			isa = PBXResourcesBuildPhase;
			buildActionMask = 2147483647;
			files = (
			);
			runOnlyForDeploymentPostprocessing = 0;
		};
		BA459B2928F8C1C40049EE08 /* Resources */ = {
			isa = PBXResourcesBuildPhase;
			buildActionMask = 2147483647;
			files = (
			);
			runOnlyForDeploymentPostprocessing = 0;
		};
/* End PBXResourcesBuildPhase section */

/* Begin PBXSourcesBuildPhase section */
		BA459B0728F8C1C30049EE08 /* Sources */ = {
			isa = PBXSourcesBuildPhase;
			buildActionMask = 2147483647;
			files = (
				BA459B4028F8C1DE0049EE08 /* Entity.swift in Sources */,
				BA459B1328F8C1C30049EE08 /* ViewController.swift in Sources */,
				BA459B4228F8C2110049EE08 /* Repository.swift in Sources */,
				BA459B4628F8C2C10049EE08 /* Service.swift in Sources */,
				BA459B4428F8C2880049EE08 /* Model.swift in Sources */,
				BA459B0F28F8C1C30049EE08 /* AppDelegate.swift in Sources */,
				BA459B4828F8C4120049EE08 /* ViewModel.swift in Sources */,
				BA459B1128F8C1C30049EE08 /* SceneDelegate.swift in Sources */,
			);
			runOnlyForDeploymentPostprocessing = 0;
		};
		BA459B1D28F8C1C40049EE08 /* Sources */ = {
			isa = PBXSourcesBuildPhase;
			buildActionMask = 2147483647;
			files = (
				BA459B2628F8C1C40049EE08 /* MVVM_exampleTests.swift in Sources */,
			);
			runOnlyForDeploymentPostprocessing = 0;
		};
		BA459B2728F8C1C40049EE08 /* Sources */ = {
			isa = PBXSourcesBuildPhase;
			buildActionMask = 2147483647;
			files = (
				BA459B3028F8C1C40049EE08 /* MVVM_exampleUITests.swift in Sources */,
				BA459B3228F8C1C40049EE08 /* MVVM_exampleUITestsLaunchTests.swift in Sources */,
			);
			runOnlyForDeploymentPostprocessing = 0;
		};
/* End PBXSourcesBuildPhase section */

/* Begin PBXTargetDependency section */
		BA459B2328F8C1C40049EE08 /* PBXTargetDependency */ = {
			isa = PBXTargetDependency;
			target = BA459B0A28F8C1C30049EE08 /* MVVM-example */;
			targetProxy = BA459B2228F8C1C40049EE08 /* PBXContainerItemProxy */;
		};
		BA459B2D28F8C1C40049EE08 /* PBXTargetDependency */ = {
			isa = PBXTargetDependency;
			target = BA459B0A28F8C1C30049EE08 /* MVVM-example */;
			targetProxy = BA459B2C28F8C1C40049EE08 /* PBXContainerItemProxy */;
		};
/* End PBXTargetDependency section */

/* Begin PBXVariantGroup section */
		BA459B1428F8C1C30049EE08 /* Main.storyboard */ = {
			isa = PBXVariantGroup;
			children = (
				BA459B1528F8C1C30049EE08 /* Base */,
			);
			name = Main.storyboard;
			sourceTree = "<group>";
		};
		BA459B1928F8C1C40049EE08 /* LaunchScreen.storyboard */ = {
			isa = PBXVariantGroup;
			children = (
				BA459B1A28F8C1C40049EE08 /* Base */,
			);
			name = LaunchScreen.storyboard;
			sourceTree = "<group>";
		};
/* End PBXVariantGroup section */

/* Begin XCBuildConfiguration section */
		BA459B3328F8C1C40049EE08 /* Debug */ = {
			isa = XCBuildConfiguration;
			buildSettings = {
				ALWAYS_SEARCH_USER_PATHS = NO;
				CLANG_ANALYZER_NONNULL = YES;
				CLANG_ANALYZER_NUMBER_OBJECT_CONVERSION = YES_AGGRESSIVE;
				CLANG_CXX_LANGUAGE_STANDARD = "gnu++20";
				CLANG_ENABLE_MODULES = YES;
				CLANG_ENABLE_OBJC_ARC = YES;
				CLANG_ENABLE_OBJC_WEAK = YES;
				CLANG_WARN_BLOCK_CAPTURE_AUTORELEASING = YES;
				CLANG_WARN_BOOL_CONVERSION = YES;
				CLANG_WARN_COMMA = YES;
				CLANG_WARN_CONSTANT_CONVERSION = YES;
				CLANG_WARN_DEPRECATED_OBJC_IMPLEMENTATIONS = YES;
				CLANG_WARN_DIRECT_OBJC_ISA_USAGE = YES_ERROR;
				CLANG_WARN_DOCUMENTATION_COMMENTS = YES;
				CLANG_WARN_EMPTY_BODY = YES;
				CLANG_WARN_ENUM_CONVERSION = YES;
				CLANG_WARN_INFINITE_RECURSION = YES;
				CLANG_WARN_INT_CONVERSION = YES;
				CLANG_WARN_NON_LITERAL_NULL_CONVERSION = YES;
				CLANG_WARN_OBJC_IMPLICIT_RETAIN_SELF = YES;
				CLANG_WARN_OBJC_LITERAL_CONVERSION = YES;
				CLANG_WARN_OBJC_ROOT_CLASS = YES_ERROR;
				CLANG_WARN_QUOTED_INCLUDE_IN_FRAMEWORK_HEADER = YES;
				CLANG_WARN_RANGE_LOOP_ANALYSIS = YES;
				CLANG_WARN_STRICT_PROTOTYPES = YES;
				CLANG_WARN_SUSPICIOUS_MOVE = YES;
				CLANG_WARN_UNGUARDED_AVAILABILITY = YES_AGGRESSIVE;
				CLANG_WARN_UNREACHABLE_CODE = YES;
				CLANG_WARN__DUPLICATE_METHOD_MATCH = YES;
				COPY_PHASE_STRIP = NO;
				DEBUG_INFORMATION_FORMAT = dwarf;
				ENABLE_STRICT_OBJC_MSGSEND = YES;
				ENABLE_TESTABILITY = YES;
				GCC_C_LANGUAGE_STANDARD = gnu11;
				GCC_DYNAMIC_NO_PIC = NO;
				GCC_NO_COMMON_BLOCKS = YES;
				GCC_OPTIMIZATION_LEVEL = 0;
				GCC_PREPROCESSOR_DEFINITIONS = (
					"DEBUG=1",
					"$(inherited)",
				);
				GCC_WARN_64_TO_32_BIT_CONVERSION = YES;
				GCC_WARN_ABOUT_RETURN_TYPE = YES_ERROR;
				GCC_WARN_UNDECLARED_SELECTOR = YES;
				GCC_WARN_UNINITIALIZED_AUTOS = YES_AGGRESSIVE;
				GCC_WARN_UNUSED_FUNCTION = YES;
				GCC_WARN_UNUSED_VARIABLE = YES;
				IPHONEOS_DEPLOYMENT_TARGET = 16.0;
				MTL_ENABLE_DEBUG_INFO = INCLUDE_SOURCE;
				MTL_FAST_MATH = YES;
				ONLY_ACTIVE_ARCH = YES;
				SDKROOT = iphoneos;
				SWIFT_ACTIVE_COMPILATION_CONDITIONS = DEBUG;
				SWIFT_OPTIMIZATION_LEVEL = "-Onone";
			};
			name = Debug;
		};
		BA459B3428F8C1C40049EE08 /* Release */ = {
			isa = XCBuildConfiguration;
			buildSettings = {
				ALWAYS_SEARCH_USER_PATHS = NO;
				CLANG_ANALYZER_NONNULL = YES;
				CLANG_ANALYZER_NUMBER_OBJECT_CONVERSION = YES_AGGRESSIVE;
				CLANG_CXX_LANGUAGE_STANDARD = "gnu++20";
				CLANG_ENABLE_MODULES = YES;
				CLANG_ENABLE_OBJC_ARC = YES;
				CLANG_ENABLE_OBJC_WEAK = YES;
				CLANG_WARN_BLOCK_CAPTURE_AUTORELEASING = YES;
				CLANG_WARN_BOOL_CONVERSION = YES;
				CLANG_WARN_COMMA = YES;
				CLANG_WARN_CONSTANT_CONVERSION = YES;
				CLANG_WARN_DEPRECATED_OBJC_IMPLEMENTATIONS = YES;
				CLANG_WARN_DIRECT_OBJC_ISA_USAGE = YES_ERROR;
				CLANG_WARN_DOCUMENTATION_COMMENTS = YES;
				CLANG_WARN_EMPTY_BODY = YES;
				CLANG_WARN_ENUM_CONVERSION = YES;
				CLANG_WARN_INFINITE_RECURSION = YES;
				CLANG_WARN_INT_CONVERSION = YES;
				CLANG_WARN_NON_LITERAL_NULL_CONVERSION = YES;
				CLANG_WARN_OBJC_IMPLICIT_RETAIN_SELF = YES;
				CLANG_WARN_OBJC_LITERAL_CONVERSION = YES;
				CLANG_WARN_OBJC_ROOT_CLASS = YES_ERROR;
				CLANG_WARN_QUOTED_INCLUDE_IN_FRAMEWORK_HEADER = YES;
				CLANG_WARN_RANGE_LOOP_ANALYSIS = YES;
				CLANG_WARN_STRICT_PROTOTYPES = YES;
				CLANG_WARN_SUSPICIOUS_MOVE = YES;
				CLANG_WARN_UNGUARDED_AVAILABILITY = YES_AGGRESSIVE;
				CLANG_WARN_UNREACHABLE_CODE = YES;
				CLANG_WARN__DUPLICATE_METHOD_MATCH = YES;
				COPY_PHASE_STRIP = NO;
				DEBUG_INFORMATION_FORMAT = "dwarf-with-dsym";
				ENABLE_NS_ASSERTIONS = NO;
				ENABLE_STRICT_OBJC_MSGSEND = YES;
				GCC_C_LANGUAGE_STANDARD = gnu11;
				GCC_NO_COMMON_BLOCKS = YES;
				GCC_WARN_64_TO_32_BIT_CONVERSION = YES;
				GCC_WARN_ABOUT_RETURN_TYPE = YES_ERROR;
				GCC_WARN_UNDECLARED_SELECTOR = YES;
				GCC_WARN_UNINITIALIZED_AUTOS = YES_AGGRESSIVE;
				GCC_WARN_UNUSED_FUNCTION = YES;
				GCC_WARN_UNUSED_VARIABLE = YES;
				IPHONEOS_DEPLOYMENT_TARGET = 16.0;
				MTL_ENABLE_DEBUG_INFO = NO;
				MTL_FAST_MATH = YES;
				SDKROOT = iphoneos;
				SWIFT_COMPILATION_MODE = wholemodule;
				SWIFT_OPTIMIZATION_LEVEL = "-O";
				VALIDATE_PRODUCT = YES;
			};
			name = Release;
		};
		BA459B3628F8C1C40049EE08 /* Debug */ = {
			isa = XCBuildConfiguration;
			buildSettings = {
				ASSETCATALOG_COMPILER_APPICON_NAME = AppIcon;
				ASSETCATALOG_COMPILER_GLOBAL_ACCENT_COLOR_NAME = AccentColor;
				CODE_SIGN_STYLE = Automatic;
				CURRENT_PROJECT_VERSION = 1;
				DEVELOPMENT_TEAM = DWPX9BCFW5;
				GENERATE_INFOPLIST_FILE = YES;
				INFOPLIST_FILE = "MVVM-example/Info.plist";
				INFOPLIST_KEY_UIApplicationSupportsIndirectInputEvents = YES;
				INFOPLIST_KEY_UILaunchStoryboardName = LaunchScreen;
				INFOPLIST_KEY_UIMainStoryboardFile = Main;
				INFOPLIST_KEY_UISupportedInterfaceOrientations_iPad = "UIInterfaceOrientationPortrait UIInterfaceOrientationPortraitUpsideDown UIInterfaceOrientationLandscapeLeft UIInterfaceOrientationLandscapeRight";
				INFOPLIST_KEY_UISupportedInterfaceOrientations_iPhone = "UIInterfaceOrientationPortrait UIInterfaceOrientationLandscapeLeft UIInterfaceOrientationLandscapeRight";
				LD_RUNPATH_SEARCH_PATHS = (
					"$(inherited)",
					"@executable_path/Frameworks",
				);
				MARKETING_VERSION = 1.0;
				PRODUCT_BUNDLE_IDENTIFIER = "MSKang.MVVM-example";
				PRODUCT_NAME = "$(TARGET_NAME)";
				SWIFT_EMIT_LOC_STRINGS = YES;
				SWIFT_VERSION = 5.0;
				TARGETED_DEVICE_FAMILY = "1,2";
			};
			name = Debug;
		};
		BA459B3728F8C1C40049EE08 /* Release */ = {
			isa = XCBuildConfiguration;
			buildSettings = {
				ASSETCATALOG_COMPILER_APPICON_NAME = AppIcon;
				ASSETCATALOG_COMPILER_GLOBAL_ACCENT_COLOR_NAME = AccentColor;
				CODE_SIGN_STYLE = Automatic;
				CURRENT_PROJECT_VERSION = 1;
				DEVELOPMENT_TEAM = DWPX9BCFW5;
				GENERATE_INFOPLIST_FILE = YES;
				INFOPLIST_FILE = "MVVM-example/Info.plist";
				INFOPLIST_KEY_UIApplicationSupportsIndirectInputEvents = YES;
				INFOPLIST_KEY_UILaunchStoryboardName = LaunchScreen;
				INFOPLIST_KEY_UIMainStoryboardFile = Main;
				INFOPLIST_KEY_UISupportedInterfaceOrientations_iPad = "UIInterfaceOrientationPortrait UIInterfaceOrientationPortraitUpsideDown UIInterfaceOrientationLandscapeLeft UIInterfaceOrientationLandscapeRight";
				INFOPLIST_KEY_UISupportedInterfaceOrientations_iPhone = "UIInterfaceOrientationPortrait UIInterfaceOrientationLandscapeLeft UIInterfaceOrientationLandscapeRight";
				LD_RUNPATH_SEARCH_PATHS = (
					"$(inherited)",
					"@executable_path/Frameworks",
				);
				MARKETING_VERSION = 1.0;
				PRODUCT_BUNDLE_IDENTIFIER = "MSKang.MVVM-example";
				PRODUCT_NAME = "$(TARGET_NAME)";
				SWIFT_EMIT_LOC_STRINGS = YES;
				SWIFT_VERSION = 5.0;
				TARGETED_DEVICE_FAMILY = "1,2";
			};
			name = Release;
		};
		BA459B3928F8C1C40049EE08 /* Debug */ = {
			isa = XCBuildConfiguration;
			buildSettings = {
				ALWAYS_EMBED_SWIFT_STANDARD_LIBRARIES = YES;
				BUNDLE_LOADER = "$(TEST_HOST)";
				CODE_SIGN_STYLE = Automatic;
				CURRENT_PROJECT_VERSION = 1;
				DEVELOPMENT_TEAM = DWPX9BCFW5;
				GENERATE_INFOPLIST_FILE = YES;
				IPHONEOS_DEPLOYMENT_TARGET = 16.0;
				MARKETING_VERSION = 1.0;
				PRODUCT_BUNDLE_IDENTIFIER = "MSKang.MVVM-exampleTests";
				PRODUCT_NAME = "$(TARGET_NAME)";
				SWIFT_EMIT_LOC_STRINGS = NO;
				SWIFT_VERSION = 5.0;
				TARGETED_DEVICE_FAMILY = "1,2";
				TEST_HOST = "$(BUILT_PRODUCTS_DIR)/MVVM-example.app/$(BUNDLE_EXECUTABLE_FOLDER_PATH)/MVVM-example";
			};
			name = Debug;
		};
		BA459B3A28F8C1C40049EE08 /* Release */ = {
			isa = XCBuildConfiguration;
			buildSettings = {
				ALWAYS_EMBED_SWIFT_STANDARD_LIBRARIES = YES;
				BUNDLE_LOADER = "$(TEST_HOST)";
				CODE_SIGN_STYLE = Automatic;
				CURRENT_PROJECT_VERSION = 1;
				DEVELOPMENT_TEAM = DWPX9BCFW5;
				GENERATE_INFOPLIST_FILE = YES;
				IPHONEOS_DEPLOYMENT_TARGET = 16.0;
				MARKETING_VERSION = 1.0;
				PRODUCT_BUNDLE_IDENTIFIER = "MSKang.MVVM-exampleTests";
				PRODUCT_NAME = "$(TARGET_NAME)";
				SWIFT_EMIT_LOC_STRINGS = NO;
				SWIFT_VERSION = 5.0;
				TARGETED_DEVICE_FAMILY = "1,2";
				TEST_HOST = "$(BUILT_PRODUCTS_DIR)/MVVM-example.app/$(BUNDLE_EXECUTABLE_FOLDER_PATH)/MVVM-example";
			};
			name = Release;
		};
		BA459B3C28F8C1C40049EE08 /* Debug */ = {
			isa = XCBuildConfiguration;
			buildSettings = {
				ALWAYS_EMBED_SWIFT_STANDARD_LIBRARIES = YES;
				CODE_SIGN_STYLE = Automatic;
				CURRENT_PROJECT_VERSION = 1;
				DEVELOPMENT_TEAM = DWPX9BCFW5;
				GENERATE_INFOPLIST_FILE = YES;
				MARKETING_VERSION = 1.0;
				PRODUCT_BUNDLE_IDENTIFIER = "MSKang.MVVM-exampleUITests";
				PRODUCT_NAME = "$(TARGET_NAME)";
				SWIFT_EMIT_LOC_STRINGS = NO;
				SWIFT_VERSION = 5.0;
				TARGETED_DEVICE_FAMILY = "1,2";
				TEST_TARGET_NAME = "MVVM-example";
			};
			name = Debug;
		};
		BA459B3D28F8C1C40049EE08 /* Release */ = {
			isa = XCBuildConfiguration;
			buildSettings = {
				ALWAYS_EMBED_SWIFT_STANDARD_LIBRARIES = YES;
				CODE_SIGN_STYLE = Automatic;
				CURRENT_PROJECT_VERSION = 1;
				DEVELOPMENT_TEAM = DWPX9BCFW5;
				GENERATE_INFOPLIST_FILE = YES;
				MARKETING_VERSION = 1.0;
				PRODUCT_BUNDLE_IDENTIFIER = "MSKang.MVVM-exampleUITests";
				PRODUCT_NAME = "$(TARGET_NAME)";
				SWIFT_EMIT_LOC_STRINGS = NO;
				SWIFT_VERSION = 5.0;
				TARGETED_DEVICE_FAMILY = "1,2";
				TEST_TARGET_NAME = "MVVM-example";
			};
			name = Release;
		};
/* End XCBuildConfiguration section */

/* Begin XCConfigurationList section */
		BA459B0628F8C1C30049EE08 /* Build configuration list for PBXProject "MVVM-example" */ = {
			isa = XCConfigurationList;
			buildConfigurations = (
				BA459B3328F8C1C40049EE08 /* Debug */,
				BA459B3428F8C1C40049EE08 /* Release */,
			);
			defaultConfigurationIsVisible = 0;
			defaultConfigurationName = Release;
		};
		BA459B3528F8C1C40049EE08 /* Build configuration list for PBXNativeTarget "MVVM-example" */ = {
			isa = XCConfigurationList;
			buildConfigurations = (
				BA459B3628F8C1C40049EE08 /* Debug */,
				BA459B3728F8C1C40049EE08 /* Release */,
			);
			defaultConfigurationIsVisible = 0;
			defaultConfigurationName = Release;
		};
		BA459B3828F8C1C40049EE08 /* Build configuration list for PBXNativeTarget "MVVM-exampleTests" */ = {
			isa = XCConfigurationList;
			buildConfigurations = (
				BA459B3928F8C1C40049EE08 /* Debug */,
				BA459B3A28F8C1C40049EE08 /* Release */,
			);
			defaultConfigurationIsVisible = 0;
			defaultConfigurationName = Release;
		};
		BA459B3B28F8C1C40049EE08 /* Build configuration list for PBXNativeTarget "MVVM-exampleUITests" */ = {
			isa = XCConfigurationList;
			buildConfigurations = (
				BA459B3C28F8C1C40049EE08 /* Debug */,
				BA459B3D28F8C1C40049EE08 /* Release */,
			);
			defaultConfigurationIsVisible = 0;
			defaultConfigurationName = Release;
		};
/* End XCConfigurationList section */
	};
	rootObject = BA459B0328F8C1C30049EE08 /* Project object */;
}
